// !$*UTF8*$!
{
	archiveVersion = 1;
	classes = {
	};
	objectVersion = 46;
	objects = {

/* Begin PBXBuildFile section */
		3A34FEF61E3EE927004001BE /* Main.storyboard in Resources */ = {isa = PBXBuildFile; fileRef = 3A34FEF41E3EE927004001BE /* Main.storyboard */; };
		3A34FEFB1E3EE927004001BE /* LaunchScreen.storyboard in Resources */ = {isa = PBXBuildFile; fileRef = 3A34FEF91E3EE927004001BE /* LaunchScreen.storyboard */; };
		3A34FF1C1E3EE984004001BE /* AppDelegate.swift in Sources */ = {isa = PBXBuildFile; fileRef = 3A34FF031E3EE984004001BE /* AppDelegate.swift */; };
		3A34FF1D1E3EE984004001BE /* AnimalNoisesViewController.swift in Sources */ = {isa = PBXBuildFile; fileRef = 3A34FF051E3EE984004001BE /* AnimalNoisesViewController.swift */; };
		3A34FF1E1E3EE984004001BE /* BabyModeViewController.swift in Sources */ = {isa = PBXBuildFile; fileRef = 3A34FF061E3EE984004001BE /* BabyModeViewController.swift */; };
		3A34FF1F1E3EE984004001BE /* BabyRadioViewController.swift in Sources */ = {isa = PBXBuildFile; fileRef = 3A34FF071E3EE984004001BE /* BabyRadioViewController.swift */; };
		3A34FF201E3EE984004001BE /* BabyTipsViewController.swift in Sources */ = {isa = PBXBuildFile; fileRef = 3A34FF081E3EE984004001BE /* BabyTipsViewController.swift */; };
		3A34FF211E3EE984004001BE /* BaseViewController.swift in Sources */ = {isa = PBXBuildFile; fileRef = 3A34FF091E3EE984004001BE /* BaseViewController.swift */; };
		3A34FF221E3EE984004001BE /* EventLogViewController.swift in Sources */ = {isa = PBXBuildFile; fileRef = 3A34FF0A1E3EE984004001BE /* EventLogViewController.swift */; };
		3A34FF231E3EE984004001BE /* HomeViewController.swift in Sources */ = {isa = PBXBuildFile; fileRef = 3A34FF0B1E3EE984004001BE /* HomeViewController.swift */; };
		3A34FF241E3EE984004001BE /* SideMenuViewController.swift in Sources */ = {isa = PBXBuildFile; fileRef = 3A34FF0C1E3EE984004001BE /* SideMenuViewController.swift */; };
		3A34FF251E3EE984004001BE /* SkyRattleViewController.swift in Sources */ = {isa = PBXBuildFile; fileRef = 3A34FF0D1E3EE984004001BE /* SkyRattleViewController.swift */; };
		3A34FF261E3EE984004001BE /* SoundTimerViewController.swift in Sources */ = {isa = PBXBuildFile; fileRef = 3A34FF0E1E3EE984004001BE /* SoundTimerViewController.swift */; };
		3A34FF271E3EE984004001BE /* Assets.xcassets in Resources */ = {isa = PBXBuildFile; fileRef = 3A34FF111E3EE984004001BE /* Assets.xcassets */; };
		3A34FF281E3EE984004001BE /* Images.xcassets in Resources */ = {isa = PBXBuildFile; fileRef = 3A34FF121E3EE984004001BE /* Images.xcassets */; };
		3A34FF291E3EE984004001BE /* Constants.swift in Sources */ = {isa = PBXBuildFile; fileRef = 3A34FF141E3EE984004001BE /* Constants.swift */; };
		3A34FF2A1E3EE984004001BE /* SOXShapedTapView.swift in Sources */ = {isa = PBXBuildFile; fileRef = 3A34FF171E3EE984004001BE /* SOXShapedTapView.swift */; };
		3A34FF2B1E3EE984004001BE /* SWRevealViewController.m in Sources */ = {isa = PBXBuildFile; fileRef = 3A34FF191E3EE984004001BE /* SWRevealViewController.m */; };
		3A34FF2C1E3EE984004001BE /* FloatingImageContentView.swift in Sources */ = {isa = PBXBuildFile; fileRef = 3A34FF1B1E3EE984004001BE /* FloatingImageContentView.swift */; };
		3A34FF391E3EEB3F004001BE /* MASSDK.framework in Frameworks */ = {isa = PBXBuildFile; fileRef = 3A34FF341E3EEB26004001BE /* MASSDK.framework */; };
		3A34FF3A1E3EEB3F004001BE /* MASSDK.framework in Embed Frameworks */ = {isa = PBXBuildFile; fileRef = 3A34FF341E3EEB26004001BE /* MASSDK.framework */; settings = {ATTRIBUTES = (CodeSignOnCopy, RemoveHeadersOnCopy, ); }; };
		ED289E6696CBFD6B8AE49DFF /* Pods_Alarm.framework in Frameworks */ = {isa = PBXBuildFile; fileRef = 414992338A3495A3D678335A /* Pods_Alarm.framework */; };
/* End PBXBuildFile section */

/* Begin PBXCopyFilesBuildPhase section */
		3A34FF3B1E3EEB3F004001BE /* Embed Frameworks */ = {
			isa = PBXCopyFilesBuildPhase;
			buildActionMask = 2147483647;
			dstPath = "";
			dstSubfolderSpec = 10;
			files = (
				3A34FF3A1E3EEB3F004001BE /* MASSDK.framework in Embed Frameworks */,
			);
			name = "Embed Frameworks";
			runOnlyForDeploymentPostprocessing = 0;
		};
/* End PBXCopyFilesBuildPhase section */

/* Begin PBXFileReference section */
		3A34FEED1E3EE927004001BE /* Alarm.app */ = {isa = PBXFileReference; explicitFileType = wrapper.application; includeInIndex = 0; path = Alarm.app; sourceTree = BUILT_PRODUCTS_DIR; };
		3A34FEF51E3EE927004001BE /* Base */ = {isa = PBXFileReference; lastKnownFileType = file.storyboard; name = Base; path = Base.lproj/Main.storyboard; sourceTree = "<group>"; };
		3A34FEFA1E3EE927004001BE /* Base */ = {isa = PBXFileReference; lastKnownFileType = file.storyboard; name = Base; path = Base.lproj/LaunchScreen.storyboard; sourceTree = "<group>"; };
		3A34FEFC1E3EE927004001BE /* Info.plist */ = {isa = PBXFileReference; lastKnownFileType = text.plist.xml; path = Info.plist; sourceTree = "<group>"; };
		3A34FF031E3EE984004001BE /* AppDelegate.swift */ = {isa = PBXFileReference; fileEncoding = 4; lastKnownFileType = sourcecode.swift; path = AppDelegate.swift; sourceTree = "<group>"; };
		3A34FF051E3EE984004001BE /* AnimalNoisesViewController.swift */ = {isa = PBXFileReference; fileEncoding = 4; lastKnownFileType = sourcecode.swift; path = AnimalNoisesViewController.swift; sourceTree = "<group>"; };
		3A34FF061E3EE984004001BE /* BabyModeViewController.swift */ = {isa = PBXFileReference; fileEncoding = 4; lastKnownFileType = sourcecode.swift; path = BabyModeViewController.swift; sourceTree = "<group>"; };
		3A34FF071E3EE984004001BE /* BabyRadioViewController.swift */ = {isa = PBXFileReference; fileEncoding = 4; lastKnownFileType = sourcecode.swift; path = BabyRadioViewController.swift; sourceTree = "<group>"; };
		3A34FF081E3EE984004001BE /* BabyTipsViewController.swift */ = {isa = PBXFileReference; fileEncoding = 4; lastKnownFileType = sourcecode.swift; path = BabyTipsViewController.swift; sourceTree = "<group>"; };
		3A34FF091E3EE984004001BE /* BaseViewController.swift */ = {isa = PBXFileReference; fileEncoding = 4; lastKnownFileType = sourcecode.swift; path = BaseViewController.swift; sourceTree = "<group>"; };
		3A34FF0A1E3EE984004001BE /* EventLogViewController.swift */ = {isa = PBXFileReference; fileEncoding = 4; lastKnownFileType = sourcecode.swift; path = EventLogViewController.swift; sourceTree = "<group>"; };
		3A34FF0B1E3EE984004001BE /* HomeViewController.swift */ = {isa = PBXFileReference; fileEncoding = 4; lastKnownFileType = sourcecode.swift; path = HomeViewController.swift; sourceTree = "<group>"; };
		3A34FF0C1E3EE984004001BE /* SideMenuViewController.swift */ = {isa = PBXFileReference; fileEncoding = 4; lastKnownFileType = sourcecode.swift; path = SideMenuViewController.swift; sourceTree = "<group>"; };
		3A34FF0D1E3EE984004001BE /* SkyRattleViewController.swift */ = {isa = PBXFileReference; fileEncoding = 4; lastKnownFileType = sourcecode.swift; path = SkyRattleViewController.swift; sourceTree = "<group>"; };
		3A34FF0E1E3EE984004001BE /* SoundTimerViewController.swift */ = {isa = PBXFileReference; fileEncoding = 4; lastKnownFileType = sourcecode.swift; path = SoundTimerViewController.swift; sourceTree = "<group>"; };
		3A34FF111E3EE984004001BE /* Assets.xcassets */ = {isa = PBXFileReference; lastKnownFileType = folder.assetcatalog; path = Assets.xcassets; sourceTree = "<group>"; };
		3A34FF121E3EE984004001BE /* Images.xcassets */ = {isa = PBXFileReference; lastKnownFileType = folder.assetcatalog; path = Images.xcassets; sourceTree = "<group>"; };
		3A34FF141E3EE984004001BE /* Constants.swift */ = {isa = PBXFileReference; fileEncoding = 4; lastKnownFileType = sourcecode.swift; path = Constants.swift; sourceTree = "<group>"; };
		3A34FF161E3EE984004001BE /* Alarm For Children-Bridging-Header.h */ = {isa = PBXFileReference; fileEncoding = 4; lastKnownFileType = sourcecode.c.h; path = "Alarm For Children-Bridging-Header.h"; sourceTree = "<group>"; };
		3A34FF171E3EE984004001BE /* SOXShapedTapView.swift */ = {isa = PBXFileReference; fileEncoding = 4; lastKnownFileType = sourcecode.swift; path = SOXShapedTapView.swift; sourceTree = "<group>"; };
		3A34FF181E3EE984004001BE /* SWRevealViewController.h */ = {isa = PBXFileReference; fileEncoding = 4; lastKnownFileType = sourcecode.c.h; path = SWRevealViewController.h; sourceTree = "<group>"; };
		3A34FF191E3EE984004001BE /* SWRevealViewController.m */ = {isa = PBXFileReference; fileEncoding = 4; lastKnownFileType = sourcecode.c.objc; path = SWRevealViewController.m; sourceTree = "<group>"; };
		3A34FF1B1E3EE984004001BE /* FloatingImageContentView.swift */ = {isa = PBXFileReference; fileEncoding = 4; lastKnownFileType = sourcecode.swift; path = FloatingImageContentView.swift; sourceTree = "<group>"; };
		3A34FF341E3EEB26004001BE /* MASSDK.framework */ = {isa = PBXFileReference; lastKnownFileType = wrapper.framework; name = MASSDK.framework; path = MASSDK_Swift3/MASSDK.framework; sourceTree = "<group>"; };
		414992338A3495A3D678335A /* Pods_Alarm.framework */ = {isa = PBXFileReference; explicitFileType = wrapper.framework; includeInIndex = 0; path = Pods_Alarm.framework; sourceTree = BUILT_PRODUCTS_DIR; };
		A07AFB014F4037D46D3C47AF /* Pods-Alarm.release.xcconfig */ = {isa = PBXFileReference; includeInIndex = 1; lastKnownFileType = text.xcconfig; name = "Pods-Alarm.release.xcconfig"; path = "Pods/Target Support Files/Pods-Alarm/Pods-Alarm.release.xcconfig"; sourceTree = "<group>"; };
		EF22A0EA887C116C349E4B75 /* Pods-Alarm.debug.xcconfig */ = {isa = PBXFileReference; includeInIndex = 1; lastKnownFileType = text.xcconfig; name = "Pods-Alarm.debug.xcconfig"; path = "Pods/Target Support Files/Pods-Alarm/Pods-Alarm.debug.xcconfig"; sourceTree = "<group>"; };
/* End PBXFileReference section */

/* Begin PBXFrameworksBuildPhase section */
		3A34FEEA1E3EE927004001BE /* Frameworks */ = {
			isa = PBXFrameworksBuildPhase;
			buildActionMask = 2147483647;
			files = (
				ED289E6696CBFD6B8AE49DFF /* Pods_Alarm.framework in Frameworks */,
				3A34FF391E3EEB3F004001BE /* MASSDK.framework in Frameworks */,
			);
			runOnlyForDeploymentPostprocessing = 0;
		};
/* End PBXFrameworksBuildPhase section */

/* Begin PBXGroup section */
		3A34FEE41E3EE927004001BE = {
			isa = PBXGroup;
			children = (
				3A34FEEF1E3EE927004001BE /* Alarm */,
				3A34FEEE1E3EE927004001BE /* Products */,
				8A0EC27A21B0BE4343520AC4 /* Pods */,
				F49441F5872009F80A1F44B6 /* Frameworks */,
			);
			sourceTree = "<group>";
		};
		3A34FEEE1E3EE927004001BE /* Products */ = {
			isa = PBXGroup;
			children = (
				3A34FEED1E3EE927004001BE /* Alarm.app */,
			);
			name = Products;
			sourceTree = "<group>";
		};
		3A34FEEF1E3EE927004001BE /* Alarm */ = {
			isa = PBXGroup;
			children = (
				3A34FF021E3EE984004001BE /* Application */,
				3A34FF2D1E3EE98A004001BE /* Base.lproj */,
				3A34FF0F1E3EE984004001BE /* Model */,
				3A34FF1A1E3EE984004001BE /* View */,
				3A34FF041E3EE984004001BE /* Controller */,
				3A34FF101E3EE984004001BE /* Resource */,
				3A34FF131E3EE984004001BE /* Utils */,
				3A34FF151E3EE984004001BE /* Vender */,
				3A34FF2E1E3EE9CE004001BE /* Supporting Files */,
			);
			path = Alarm;
			sourceTree = "<group>";
		};
		3A34FF021E3EE984004001BE /* Application */ = {
			isa = PBXGroup;
			children = (
				3A34FF031E3EE984004001BE /* AppDelegate.swift */,
			);
			path = Application;
			sourceTree = "<group>";
		};
		3A34FF041E3EE984004001BE /* Controller */ = {
			isa = PBXGroup;
			children = (
				3A34FF051E3EE984004001BE /* AnimalNoisesViewController.swift */,
				3A34FF061E3EE984004001BE /* BabyModeViewController.swift */,
				3A34FF071E3EE984004001BE /* BabyRadioViewController.swift */,
				3A34FF081E3EE984004001BE /* BabyTipsViewController.swift */,
				3A34FF091E3EE984004001BE /* BaseViewController.swift */,
				3A34FF0A1E3EE984004001BE /* EventLogViewController.swift */,
				3A34FF0B1E3EE984004001BE /* HomeViewController.swift */,
				3A34FF0C1E3EE984004001BE /* SideMenuViewController.swift */,
				3A34FF0D1E3EE984004001BE /* SkyRattleViewController.swift */,
				3A34FF0E1E3EE984004001BE /* SoundTimerViewController.swift */,
			);
			path = Controller;
			sourceTree = "<group>";
		};
		3A34FF0F1E3EE984004001BE /* Model */ = {
			isa = PBXGroup;
			children = (
			);
			path = Model;
			sourceTree = "<group>";
		};
		3A34FF101E3EE984004001BE /* Resource */ = {
			isa = PBXGroup;
			children = (
				3A34FF111E3EE984004001BE /* Assets.xcassets */,
				3A34FF121E3EE984004001BE /* Images.xcassets */,
			);
			path = Resource;
			sourceTree = "<group>";
		};
		3A34FF131E3EE984004001BE /* Utils */ = {
			isa = PBXGroup;
			children = (
				3A34FF141E3EE984004001BE /* Constants.swift */,
			);
			path = Utils;
			sourceTree = "<group>";
		};
		3A34FF151E3EE984004001BE /* Vender */ = {
			isa = PBXGroup;
			children = (
				3A34FF161E3EE984004001BE /* Alarm For Children-Bridging-Header.h */,
				3A34FF171E3EE984004001BE /* SOXShapedTapView.swift */,
				3A34FF181E3EE984004001BE /* SWRevealViewController.h */,
				3A34FF191E3EE984004001BE /* SWRevealViewController.m */,
			);
			path = Vender;
			sourceTree = "<group>";
		};
		3A34FF1A1E3EE984004001BE /* View */ = {
			isa = PBXGroup;
			children = (
				3A34FF1B1E3EE984004001BE /* FloatingImageContentView.swift */,
			);
			path = View;
			sourceTree = "<group>";
		};
		3A34FF2D1E3EE98A004001BE /* Base.lproj */ = {
			isa = PBXGroup;
			children = (
				3A34FEF41E3EE927004001BE /* Main.storyboard */,
				3A34FEF91E3EE927004001BE /* LaunchScreen.storyboard */,
			);
			name = Base.lproj;
			sourceTree = "<group>";
		};
		3A34FF2E1E3EE9CE004001BE /* Supporting Files */ = {
			isa = PBXGroup;
			children = (
				3A34FEFC1E3EE927004001BE /* Info.plist */,
			);
			name = "Supporting Files";
			sourceTree = "<group>";
		};
		8A0EC27A21B0BE4343520AC4 /* Pods */ = {
			isa = PBXGroup;
			children = (
				EF22A0EA887C116C349E4B75 /* Pods-Alarm.debug.xcconfig */,
				A07AFB014F4037D46D3C47AF /* Pods-Alarm.release.xcconfig */,
			);
			name = Pods;
			sourceTree = "<group>";
		};
		F49441F5872009F80A1F44B6 /* Frameworks */ = {
			isa = PBXGroup;
			children = (
				3A34FF341E3EEB26004001BE /* MASSDK.framework */,
				414992338A3495A3D678335A /* Pods_Alarm.framework */,
			);
			name = Frameworks;
			sourceTree = "<group>";
		};
/* End PBXGroup section */

/* Begin PBXNativeTarget section */
		3A34FEEC1E3EE927004001BE /* Alarm */ = {
			isa = PBXNativeTarget;
			buildConfigurationList = 3A34FEFF1E3EE927004001BE /* Build configuration list for PBXNativeTarget "Alarm" */;
			buildPhases = (
				B4F59088439778D8C37B94C8 /* [CP] Check Pods Manifest.lock */,
				3A34FEE91E3EE927004001BE /* Sources */,
				3A34FEEA1E3EE927004001BE /* Frameworks */,
				3A34FEEB1E3EE927004001BE /* Resources */,
				B35DC09BA119D3FFFB25F358 /* [CP] Embed Pods Frameworks */,
				B8DA7326CA1FD7F251F3FEAF /* [CP] Copy Pods Resources */,
				3A34FF3B1E3EEB3F004001BE /* Embed Frameworks */,
			);
			buildRules = (
			);
			dependencies = (
			);
			name = Alarm;
			productName = Alarm;
			productReference = 3A34FEED1E3EE927004001BE /* Alarm.app */;
			productType = "com.apple.product-type.application";
		};
/* End PBXNativeTarget section */

/* Begin PBXProject section */
		3A34FEE51E3EE927004001BE /* Project object */ = {
			isa = PBXProject;
			attributes = {
				LastSwiftUpdateCheck = 0820;
				LastUpgradeCheck = 0820;
				ORGANIZATIONNAME = Huijing;
				TargetAttributes = {
					3A34FEEC1E3EE927004001BE = {
						CreatedOnToolsVersion = 8.2.1;
						DevelopmentTeam = 4WGDATJ3CA;
						ProvisioningStyle = Automatic;
					};
				};
			};
			buildConfigurationList = 3A34FEE81E3EE927004001BE /* Build configuration list for PBXProject "Alarm" */;
			compatibilityVersion = "Xcode 3.2";
			developmentRegion = English;
			hasScannedForEncodings = 0;
			knownRegions = (
				en,
				Base,
			);
			mainGroup = 3A34FEE41E3EE927004001BE;
			productRefGroup = 3A34FEEE1E3EE927004001BE /* Products */;
			projectDirPath = "";
			projectRoot = "";
			targets = (
				3A34FEEC1E3EE927004001BE /* Alarm */,
			);
		};
/* End PBXProject section */

/* Begin PBXResourcesBuildPhase section */
		3A34FEEB1E3EE927004001BE /* Resources */ = {
			isa = PBXResourcesBuildPhase;
			buildActionMask = 2147483647;
			files = (
				3A34FEFB1E3EE927004001BE /* LaunchScreen.storyboard in Resources */,
				3A34FF281E3EE984004001BE /* Images.xcassets in Resources */,
				3A34FF271E3EE984004001BE /* Assets.xcassets in Resources */,
				3A34FEF61E3EE927004001BE /* Main.storyboard in Resources */,
			);
			runOnlyForDeploymentPostprocessing = 0;
		};
/* End PBXResourcesBuildPhase section */

/* Begin PBXShellScriptBuildPhase section */
		B35DC09BA119D3FFFB25F358 /* [CP] Embed Pods Frameworks */ = {
			isa = PBXShellScriptBuildPhase;
			buildActionMask = 2147483647;
			files = (
			);
			inputPaths = (
			);
			name = "[CP] Embed Pods Frameworks";
			outputPaths = (
			);
			runOnlyForDeploymentPostprocessing = 0;
			shellPath = /bin/sh;
			shellScript = "\"${SRCROOT}/Pods/Target Support Files/Pods-Alarm/Pods-Alarm-frameworks.sh\"\n";
			showEnvVarsInLog = 0;
		};
		B4F59088439778D8C37B94C8 /* [CP] Check Pods Manifest.lock */ = {
			isa = PBXShellScriptBuildPhase;
			buildActionMask = 2147483647;
			files = (
			);
			inputPaths = (
			);
			name = "[CP] Check Pods Manifest.lock";
			outputPaths = (
			);
			runOnlyForDeploymentPostprocessing = 0;
			shellPath = /bin/sh;
			shellScript = "diff \"${PODS_ROOT}/../Podfile.lock\" \"${PODS_ROOT}/Manifest.lock\" > /dev/null\nif [ $? != 0 ] ; then\n    # print error to STDERR\n    echo \"error: The sandbox is not in sync with the Podfile.lock. Run 'pod install' or update your CocoaPods installation.\" >&2\n    exit 1\nfi\n";
			showEnvVarsInLog = 0;
		};
		B8DA7326CA1FD7F251F3FEAF /* [CP] Copy Pods Resources */ = {
			isa = PBXShellScriptBuildPhase;
			buildActionMask = 2147483647;
			files = (
			);
			inputPaths = (
			);
			name = "[CP] Copy Pods Resources";
			outputPaths = (
			);
			runOnlyForDeploymentPostprocessing = 0;
			shellPath = /bin/sh;
			shellScript = "\"${SRCROOT}/Pods/Target Support Files/Pods-Alarm/Pods-Alarm-resources.sh\"\n";
			showEnvVarsInLog = 0;
		};
/* End PBXShellScriptBuildPhase section */

/* Begin PBXSourcesBuildPhase section */
		3A34FEE91E3EE927004001BE /* Sources */ = {
			isa = PBXSourcesBuildPhase;
			buildActionMask = 2147483647;
			files = (
				3A34FF261E3EE984004001BE /* SoundTimerViewController.swift in Sources */,
				3A34FF2C1E3EE984004001BE /* FloatingImageContentView.swift in Sources */,
				3A34FF201E3EE984004001BE /* BabyTipsViewController.swift in Sources */,
				3A34FF1F1E3EE984004001BE /* BabyRadioViewController.swift in Sources */,
				3A34FF1E1E3EE984004001BE /* BabyModeViewController.swift in Sources */,
				3A34FF231E3EE984004001BE /* HomeViewController.swift in Sources */,
				3A34FF1D1E3EE984004001BE /* AnimalNoisesViewController.swift in Sources */,
				3A34FF1C1E3EE984004001BE /* AppDelegate.swift in Sources */,
				3A34FF2B1E3EE984004001BE /* SWRevealViewController.m in Sources */,
				3A34FF251E3EE984004001BE /* SkyRattleViewController.swift in Sources */,
				3A34FF211E3EE984004001BE /* BaseViewController.swift in Sources */,
				3A34FF2A1E3EE984004001BE /* SOXShapedTapView.swift in Sources */,
				3A34FF241E3EE984004001BE /* SideMenuViewController.swift in Sources */,
				3A34FF221E3EE984004001BE /* EventLogViewController.swift in Sources */,
				3A34FF291E3EE984004001BE /* Constants.swift in Sources */,
			);
			runOnlyForDeploymentPostprocessing = 0;
		};
/* End PBXSourcesBuildPhase section */

/* Begin PBXVariantGroup section */
		3A34FEF41E3EE927004001BE /* Main.storyboard */ = {
			isa = PBXVariantGroup;
			children = (
				3A34FEF51E3EE927004001BE /* Base */,
			);
			name = Main.storyboard;
			sourceTree = "<group>";
		};
		3A34FEF91E3EE927004001BE /* LaunchScreen.storyboard */ = {
			isa = PBXVariantGroup;
			children = (
				3A34FEFA1E3EE927004001BE /* Base */,
			);
			name = LaunchScreen.storyboard;
			sourceTree = "<group>";
		};
/* End PBXVariantGroup section */

/* Begin XCBuildConfiguration section */
		3A34FEFD1E3EE927004001BE /* Debug */ = {
			isa = XCBuildConfiguration;
			buildSettings = {
				ALWAYS_SEARCH_USER_PATHS = NO;
				CLANG_ANALYZER_NONNULL = YES;
				CLANG_CXX_LANGUAGE_STANDARD = "gnu++0x";
				CLANG_CXX_LIBRARY = "libc++";
				CLANG_ENABLE_MODULES = YES;
				CLANG_ENABLE_OBJC_ARC = YES;
				CLANG_WARN_BOOL_CONVERSION = YES;
				CLANG_WARN_CONSTANT_CONVERSION = YES;
				CLANG_WARN_DIRECT_OBJC_ISA_USAGE = YES_ERROR;
				CLANG_WARN_DOCUMENTATION_COMMENTS = YES;
				CLANG_WARN_EMPTY_BODY = YES;
				CLANG_WARN_ENUM_CONVERSION = YES;
				CLANG_WARN_INFINITE_RECURSION = YES;
				CLANG_WARN_INT_CONVERSION = YES;
				CLANG_WARN_OBJC_ROOT_CLASS = YES_ERROR;
				CLANG_WARN_SUSPICIOUS_MOVE = YES;
				CLANG_WARN_UNREACHABLE_CODE = YES;
				CLANG_WARN__DUPLICATE_METHOD_MATCH = YES;
				"CODE_SIGN_IDENTITY[sdk=iphoneos*]" = "iPhone Developer";
				COPY_PHASE_STRIP = NO;
				DEBUG_INFORMATION_FORMAT = dwarf;
				ENABLE_STRICT_OBJC_MSGSEND = YES;
				ENABLE_TESTABILITY = YES;
				GCC_C_LANGUAGE_STANDARD = gnu99;
				GCC_DYNAMIC_NO_PIC = NO;
				GCC_NO_COMMON_BLOCKS = YES;
				GCC_OPTIMIZATION_LEVEL = 0;
				GCC_PREPROCESSOR_DEFINITIONS = (
					"DEBUG=1",
					"$(inherited)",
				);
				GCC_WARN_64_TO_32_BIT_CONVERSION = YES;
				GCC_WARN_ABOUT_RETURN_TYPE = YES_ERROR;
				GCC_WARN_UNDECLARED_SELECTOR = YES;
				GCC_WARN_UNINITIALIZED_AUTOS = YES_AGGRESSIVE;
				GCC_WARN_UNUSED_FUNCTION = YES;
				GCC_WARN_UNUSED_VARIABLE = YES;
				IPHONEOS_DEPLOYMENT_TARGET = 10.2;
				MTL_ENABLE_DEBUG_INFO = YES;
				ONLY_ACTIVE_ARCH = YES;
				SDKROOT = iphoneos;
				SWIFT_ACTIVE_COMPILATION_CONDITIONS = DEBUG;
				SWIFT_OPTIMIZATION_LEVEL = "-Onone";
			};
			name = Debug;
		};
		3A34FEFE1E3EE927004001BE /* Release */ = {
			isa = XCBuildConfiguration;
			buildSettings = {
				ALWAYS_SEARCH_USER_PATHS = NO;
				CLANG_ANALYZER_NONNULL = YES;
				CLANG_CXX_LANGUAGE_STANDARD = "gnu++0x";
				CLANG_CXX_LIBRARY = "libc++";
				CLANG_ENABLE_MODULES = YES;
				CLANG_ENABLE_OBJC_ARC = YES;
				CLANG_WARN_BOOL_CONVERSION = YES;
				CLANG_WARN_CONSTANT_CONVERSION = YES;
				CLANG_WARN_DIRECT_OBJC_ISA_USAGE = YES_ERROR;
				CLANG_WARN_DOCUMENTATION_COMMENTS = YES;
				CLANG_WARN_EMPTY_BODY = YES;
				CLANG_WARN_ENUM_CONVERSION = YES;
				CLANG_WARN_INFINITE_RECURSION = YES;
				CLANG_WARN_INT_CONVERSION = YES;
				CLANG_WARN_OBJC_ROOT_CLASS = YES_ERROR;
				CLANG_WARN_SUSPICIOUS_MOVE = YES;
				CLANG_WARN_UNREACHABLE_CODE = YES;
				CLANG_WARN__DUPLICATE_METHOD_MATCH = YES;
				"CODE_SIGN_IDENTITY[sdk=iphoneos*]" = "iPhone Developer";
				COPY_PHASE_STRIP = NO;
				DEBUG_INFORMATION_FORMAT = "dwarf-with-dsym";
				ENABLE_NS_ASSERTIONS = NO;
				ENABLE_STRICT_OBJC_MSGSEND = YES;
				GCC_C_LANGUAGE_STANDARD = gnu99;
				GCC_NO_COMMON_BLOCKS = YES;
				GCC_WARN_64_TO_32_BIT_CONVERSION = YES;
				GCC_WARN_ABOUT_RETURN_TYPE = YES_ERROR;
				GCC_WARN_UNDECLARED_SELECTOR = YES;
				GCC_WARN_UNINITIALIZED_AUTOS = YES_AGGRESSIVE;
				GCC_WARN_UNUSED_FUNCTION = YES;
				GCC_WARN_UNUSED_VARIABLE = YES;
				IPHONEOS_DEPLOYMENT_TARGET = 10.2;
				MTL_ENABLE_DEBUG_INFO = NO;
				SDKROOT = iphoneos;
				SWIFT_OPTIMIZATION_LEVEL = "-Owholemodule";
				VALIDATE_PRODUCT = YES;
			};
			name = Release;
		};
		3A34FF001E3EE927004001BE /* Debug */ = {
			isa = XCBuildConfiguration;
			baseConfigurationReference = EF22A0EA887C116C349E4B75 /* Pods-Alarm.debug.xcconfig */;
			buildSettings = {
				ASSETCATALOG_COMPILER_APPICON_NAME = AppIcon;
				DEVELOPMENT_TEAM = 4WGDATJ3CA;
				FRAMEWORK_SEARCH_PATHS = (
					"$(inherited)",
					"$(PROJECT_DIR)/MASSDK_Swift3",
				);
				INFOPLIST_FILE = Alarm/Info.plist;
				IPHONEOS_DEPLOYMENT_TARGET = 8.0;
				LD_RUNPATH_SEARCH_PATHS = "$(inherited) @executable_path/Frameworks";
				PRODUCT_BUNDLE_IDENTIFIER = com.shark.Alarm;
				PRODUCT_NAME = "$(TARGET_NAME)";
				SWIFT_VERSION = 3.0;
			};
			name = Debug;
		};
		3A34FF011E3EE927004001BE /* Release */ = {
			isa = XCBuildConfiguration;
			baseConfigurationReference = A07AFB014F4037D46D3C47AF /* Pods-Alarm.release.xcconfig */;
			buildSettings = {
				ASSETCATALOG_COMPILER_APPICON_NAME = AppIcon;
				DEVELOPMENT_TEAM = 4WGDATJ3CA;
				FRAMEWORK_SEARCH_PATHS = (
					"$(inherited)",
					"$(PROJECT_DIR)/MASSDK_Swift3",
				);
				INFOPLIST_FILE = Alarm/Info.plist;
				IPHONEOS_DEPLOYMENT_TARGET = 8.0;
				LD_RUNPATH_SEARCH_PATHS = "$(inherited) @executable_path/Frameworks";
				PRODUCT_BUNDLE_IDENTIFIER = com.shark.Alarm;
				PRODUCT_NAME = "$(TARGET_NAME)";
				SWIFT_VERSION = 3.0;
			};
			name = Release;
		};
/* End XCBuildConfiguration section */

/* Begin XCConfigurationList section */
		3A34FEE81E3EE927004001BE /* Build configuration list for PBXProject "Alarm" */ = {
			isa = XCConfigurationList;
			buildConfigurations = (
				3A34FEFD1E3EE927004001BE /* Debug */,
				3A34FEFE1E3EE927004001BE /* Release */,
			);
			defaultConfigurationIsVisible = 0;
			defaultConfigurationName = Release;
		};
		3A34FEFF1E3EE927004001BE /* Build configuration list for PBXNativeTarget "Alarm" */ = {
			isa = XCConfigurationList;
			buildConfigurations = (
				3A34FF001E3EE927004001BE /* Debug */,
				3A34FF011E3EE927004001BE /* Release */,
			);
			defaultConfigurationIsVisible = 0;
			defaultConfigurationName = Release;
		};
/* End XCConfigurationList section */
	};
	rootObject = 3A34FEE51E3EE927004001BE /* Project object */;
}
