// !$*UTF8*$!
{
	archiveVersion = 1;
	classes = {
	};
	objectVersion = 46;
	objects = {

/* Begin PBXBuildFile section */
		0A353F231E938FF50009F8CF /* animal_cow.wav in Resources */ = {isa = PBXBuildFile; fileRef = 0A353F221E938FF50009F8CF /* animal_cow.wav */; };
		0A3AF9C91E4E3D7200D3FBAD /* AnimalsView.swift in Sources */ = {isa = PBXBuildFile; fileRef = 0A3AF9C81E4E3D7200D3FBAD /* AnimalsView.swift */; };
		0A3AF9CB1E4E43AB00D3FBAD /* Constants.swift in Sources */ = {isa = PBXBuildFile; fileRef = 0A3AF9CA1E4E43AB00D3FBAD /* Constants.swift */; };
		0A3AF9CD1E4E5E2200D3FBAD /* Settings.swift in Sources */ = {isa = PBXBuildFile; fileRef = 0A3AF9CC1E4E5E2200D3FBAD /* Settings.swift */; };
		0A3EEBA51E78AD150009706B /* BabyRadioItems.swift in Sources */ = {isa = PBXBuildFile; fileRef = 0A3EEBA41E78AD150009706B /* BabyRadioItems.swift */; };
		0A3EEBA81E793DF60009706B /* AnimalNoises.swift in Sources */ = {isa = PBXBuildFile; fileRef = 0A3EEBA71E793DF60009706B /* AnimalNoises.swift */; };
		0A3EEBAA1E7944190009706B /* AnimalNoiseModel.swift in Sources */ = {isa = PBXBuildFile; fileRef = 0A3EEBA91E7944190009706B /* AnimalNoiseModel.swift */; };
		0A3EEBAC1E79736F0009706B /* Assets.xcassets in Resources */ = {isa = PBXBuildFile; fileRef = 0A3EEBAB1E79736F0009706B /* Assets.xcassets */; };
		0A775F761E74A81A000526DC /* RattlesView.swift in Sources */ = {isa = PBXBuildFile; fileRef = 0A775F751E74A81A000526DC /* RattlesView.swift */; };
		0A775F781E74ACA9000526DC /* CommonUtils.swift in Sources */ = {isa = PBXBuildFile; fileRef = 0A775F771E74ACA9000526DC /* CommonUtils.swift */; };
		0A775F7A1E74B1D2000526DC /* RattleView.swift in Sources */ = {isa = PBXBuildFile; fileRef = 0A775F791E74B1D2000526DC /* RattleView.swift */; };
		0A9DAFD31E932F1400012B32 /* sound_chimes.wav in Resources */ = {isa = PBXBuildFile; fileRef = 0A9DAFD21E932F1400012B32 /* sound_chimes.wav */; };
		0A9DAFD71E932F8A00012B32 /* sound_sax.wav in Resources */ = {isa = PBXBuildFile; fileRef = 0A9DAFD41E932F8A00012B32 /* sound_sax.wav */; };
		0A9DAFD81E932F8A00012B32 /* sound_violin.wav in Resources */ = {isa = PBXBuildFile; fileRef = 0A9DAFD51E932F8A00012B32 /* sound_violin.wav */; };
		0A9DAFD91E932F8A00012B32 /* sound_xylophone.wav in Resources */ = {isa = PBXBuildFile; fileRef = 0A9DAFD61E932F8A00012B32 /* sound_xylophone.wav */; };
		0A9DAFDB1E93300900012B32 /* sound_air_conditioning.wav in Resources */ = {isa = PBXBuildFile; fileRef = 0A9DAFDA1E93300900012B32 /* sound_air_conditioning.wav */; };
		0A9DAFDD1E93302300012B32 /* sound_train.wav in Resources */ = {isa = PBXBuildFile; fileRef = 0A9DAFDC1E93302300012B32 /* sound_train.wav */; };
		0A9DAFDF1E93309300012B32 /* sound_dishwasher.wav in Resources */ = {isa = PBXBuildFile; fileRef = 0A9DAFDE1E93309300012B32 /* sound_dishwasher.wav */; };
		0A9DAFE41E933C8B00012B32 /* animal_cat.wav in Resources */ = {isa = PBXBuildFile; fileRef = 0A9DAFE01E933C8B00012B32 /* animal_cat.wav */; };
		0A9DAFE51E933C8B00012B32 /* animal_cock.wav in Resources */ = {isa = PBXBuildFile; fileRef = 0A9DAFE11E933C8B00012B32 /* animal_cock.wav */; };
		0A9DAFE61E933C8B00012B32 /* animal_dog.wav in Resources */ = {isa = PBXBuildFile; fileRef = 0A9DAFE21E933C8B00012B32 /* animal_dog.wav */; };
		0A9DAFE71E933C8B00012B32 /* animal_sheep.wav in Resources */ = {isa = PBXBuildFile; fileRef = 0A9DAFE31E933C8B00012B32 /* animal_sheep.wav */; };
		0A9DAFE91E938B9C00012B32 /* animal_hen.wav in Resources */ = {isa = PBXBuildFile; fileRef = 0A9DAFE81E938B9C00012B32 /* animal_hen.wav */; };
		0A9DAFEB1E938C3B00012B32 /* animal_goat.mp3 in Resources */ = {isa = PBXBuildFile; fileRef = 0A9DAFEA1E938C3B00012B32 /* animal_goat.mp3 */; };
		0A9DAFED1E938CAC00012B32 /* animal_horse.mp3 in Resources */ = {isa = PBXBuildFile; fileRef = 0A9DAFEC1E938CAC00012B32 /* animal_horse.mp3 */; };
		0A9DAFEF1E938E1600012B32 /* animal_goat.wav in Resources */ = {isa = PBXBuildFile; fileRef = 0A9DAFEE1E938E1600012B32 /* animal_goat.wav */; };
		0A9DAFF11E938E2D00012B32 /* animal_pig.wav in Resources */ = {isa = PBXBuildFile; fileRef = 0A9DAFF01E938E2D00012B32 /* animal_pig.wav */; };
		0A9DAFF31E938E4200012B32 /* animal_horse.wav in Resources */ = {isa = PBXBuildFile; fileRef = 0A9DAFF21E938E4200012B32 /* animal_horse.wav */; };
		0ACB08FA1E782BE700D257D6 /* FloatingItemModel.swift in Sources */ = {isa = PBXBuildFile; fileRef = 0ACB08F91E782BE700D257D6 /* FloatingItemModel.swift */; };
		0AD0BFF01E6D5CDE0000C1D3 /* BabyTips.swift in Sources */ = {isa = PBXBuildFile; fileRef = 0AD0BFEF1E6D5CDE0000C1D3 /* BabyTips.swift */; };
		0AD7CD8C1E8274CB00839CF8 /* UIView+Extensions.swift in Sources */ = {isa = PBXBuildFile; fileRef = 0AD7CD8B1E8274CB00839CF8 /* UIView+Extensions.swift */; };
		0AD7CD8E1E827D0300839CF8 /* right.mp3 in Resources */ = {isa = PBXBuildFile; fileRef = 0AD7CD8D1E827D0300839CF8 /* right.mp3 */; };
		0AE18AA71E6FEAE500932FB8 /* RattleModel.swift in Sources */ = {isa = PBXBuildFile; fileRef = 0AE18AA61E6FEAE500932FB8 /* RattleModel.swift */; };
		0AE18AA91E6FECC400932FB8 /* RattleUtils.swift in Sources */ = {isa = PBXBuildFile; fileRef = 0AE18AA81E6FECC400932FB8 /* RattleUtils.swift */; };
		0AF682F81E8A972800BDC343 /* sound_wipers.wav in Resources */ = {isa = PBXBuildFile; fileRef = 0AF682DF1E8A972800BDC343 /* sound_wipers.wav */; };
		0AF682FB1E8A972800BDC343 /* sound_fan.wav in Resources */ = {isa = PBXBuildFile; fileRef = 0AF682E21E8A972800BDC343 /* sound_fan.wav */; };
		0AF682FC1E8A972800BDC343 /* sound_shower.wav in Resources */ = {isa = PBXBuildFile; fileRef = 0AF682E31E8A972800BDC343 /* sound_shower.wav */; };
		0AF682FD1E8A972800BDC343 /* sound_lorry.wav in Resources */ = {isa = PBXBuildFile; fileRef = 0AF682E41E8A972800BDC343 /* sound_lorry.wav */; };
		0AF682FE1E8A972800BDC343 /* sound_white_noise.wav in Resources */ = {isa = PBXBuildFile; fileRef = 0AF682E51E8A972800BDC343 /* sound_white_noise.wav */; };
		0AF682FF1E8A972800BDC343 /* sound_vacuum_cleaner.wav in Resources */ = {isa = PBXBuildFile; fileRef = 0AF682E61E8A972800BDC343 /* sound_vacuum_cleaner.wav */; };
		0AF683001E8A972800BDC343 /* sound_washing_machine.wav in Resources */ = {isa = PBXBuildFile; fileRef = 0AF682E71E8A972800BDC343 /* sound_washing_machine.wav */; };
		0AF683011E8A972800BDC343 /* sound_mom's_heartbeat.wav in Resources */ = {isa = PBXBuildFile; fileRef = 0AF682E81E8A972800BDC343 /* sound_mom's_heartbeat.wav */; };
		0AF683021E8A972800BDC343 /* sound_fire.wav in Resources */ = {isa = PBXBuildFile; fileRef = 0AF682E91E8A972800BDC343 /* sound_fire.wav */; };
		0AF683031E8A972800BDC343 /* sound_cat_purr.wav in Resources */ = {isa = PBXBuildFile; fileRef = 0AF682EA1E8A972800BDC343 /* sound_cat_purr.wav */; };
		0AF683041E8A972800BDC343 /* sound_forest.wav in Resources */ = {isa = PBXBuildFile; fileRef = 0AF682EB1E8A972800BDC343 /* sound_forest.wav */; };
		0AF683051E8A972800BDC343 /* sound_rain.wav in Resources */ = {isa = PBXBuildFile; fileRef = 0AF682EC1E8A972800BDC343 /* sound_rain.wav */; };
		0AF683061E8A972800BDC343 /* sound_stream.wav in Resources */ = {isa = PBXBuildFile; fileRef = 0AF682ED1E8A972800BDC343 /* sound_stream.wav */; };
		0AF683071E8A972800BDC343 /* 2 sea waves.wav in Resources */ = {isa = PBXBuildFile; fileRef = 0AF682EE1E8A972800BDC343 /* 2 sea waves.wav */; };
		0AF683081E8A972800BDC343 /* sound_waterfall.wav in Resources */ = {isa = PBXBuildFile; fileRef = 0AF682EF1E8A972800BDC343 /* sound_waterfall.wav */; };
		0AF683091E8A972800BDC343 /* sound_flute.wav in Resources */ = {isa = PBXBuildFile; fileRef = 0AF682F01E8A972800BDC343 /* sound_flute.wav */; };
		0AF6830A1E8A972800BDC343 /* sound_piano.wav in Resources */ = {isa = PBXBuildFile; fileRef = 0AF682F11E8A972800BDC343 /* sound_piano.wav */; };
		0AF6830C1E8A972800BDC343 /* sound_harp.wav in Resources */ = {isa = PBXBuildFile; fileRef = 0AF682F31E8A972800BDC343 /* sound_harp.wav */; };
		0AF6830D1E8A972800BDC343 /* sound_lyre.wav in Resources */ = {isa = PBXBuildFile; fileRef = 0AF682F41E8A972800BDC343 /* sound_lyre.wav */; };
		0AF6830E1E8A972800BDC343 /* sound_jukebox.wav in Resources */ = {isa = PBXBuildFile; fileRef = 0AF682F51E8A972800BDC343 /* sound_jukebox.wav */; };
		0AF6830F1E8A972800BDC343 /* 3 soothing melody.wav in Resources */ = {isa = PBXBuildFile; fileRef = 0AF682F61E8A972800BDC343 /* 3 soothing melody.wav */; };
		0AF683101E8A972800BDC343 /* 3 throat singing.wav in Resources */ = {isa = PBXBuildFile; fileRef = 0AF682F71E8A972800BDC343 /* 3 throat singing.wav */; };
		0AF683121E8BAC1E00BDC343 /* sound_dolphin.wav in Resources */ = {isa = PBXBuildFile; fileRef = 0AF683111E8BAC1E00BDC343 /* sound_dolphin.wav */; };
		0AF683141E8C5E1500BDC343 /* FMDBManager.swift in Sources */ = {isa = PBXBuildFile; fileRef = 0AF683131E8C5E1500BDC343 /* FMDBManager.swift */; };
		0AF683171E8C62B200BDC343 /* FMDBManager+Data.swift in Sources */ = {isa = PBXBuildFile; fileRef = 0AF683161E8C62B200BDC343 /* FMDBManager+Data.swift */; };
		0AF683191E8C71A800BDC343 /* ParseHelper.swift in Sources */ = {isa = PBXBuildFile; fileRef = 0AF683181E8C71A800BDC343 /* ParseHelper.swift */; };
		131D1A581CDB58F0007C9F2A /* Main.storyboard in Resources */ = {isa = PBXBuildFile; fileRef = 131D1A561CDB58F0007C9F2A /* Main.storyboard */; };
		131D1A5D1CDB58F0007C9F2A /* LaunchScreen.storyboard in Resources */ = {isa = PBXBuildFile; fileRef = 131D1A5B1CDB58F0007C9F2A /* LaunchScreen.storyboard */; };
		131D1A931CDB5D8D007C9F2A /* MASSDK.framework in Frameworks */ = {isa = PBXBuildFile; fileRef = 131D1A911CDB5D88007C9F2A /* MASSDK.framework */; };
		131D1A941CDB5D8D007C9F2A /* MASSDK.framework in Embed Frameworks */ = {isa = PBXBuildFile; fileRef = 131D1A911CDB5D88007C9F2A /* MASSDK.framework */; settings = {ATTRIBUTES = (CodeSignOnCopy, RemoveHeadersOnCopy, ); }; };
		3A27F4901E4339D8008A7F7E /* SOXShapedTapView.swift in Sources */ = {isa = PBXBuildFile; fileRef = 3A27F48D1E4339D8008A7F7E /* SOXShapedTapView.swift */; };
		3A27F49C1E433A0E008A7F7E /* AnimalNoisesViewController.swift in Sources */ = {isa = PBXBuildFile; fileRef = 3A27F4921E433A0E008A7F7E /* AnimalNoisesViewController.swift */; };
		3A27F49D1E433A0E008A7F7E /* BabyModeViewController.swift in Sources */ = {isa = PBXBuildFile; fileRef = 3A27F4931E433A0E008A7F7E /* BabyModeViewController.swift */; };
		3A27F49E1E433A0E008A7F7E /* BabyRadioViewController.swift in Sources */ = {isa = PBXBuildFile; fileRef = 3A27F4941E433A0E008A7F7E /* BabyRadioViewController.swift */; };
		3A27F49F1E433A0E008A7F7E /* BabyTipsViewController.swift in Sources */ = {isa = PBXBuildFile; fileRef = 3A27F4951E433A0E008A7F7E /* BabyTipsViewController.swift */; };
		3A27F4A01E433A0E008A7F7E /* BaseViewController.swift in Sources */ = {isa = PBXBuildFile; fileRef = 3A27F4961E433A0E008A7F7E /* BaseViewController.swift */; };
		3A27F4A11E433A0E008A7F7E /* EventLogViewController.swift in Sources */ = {isa = PBXBuildFile; fileRef = 3A27F4971E433A0E008A7F7E /* EventLogViewController.swift */; };
		3A27F4A21E433A0E008A7F7E /* HomeViewController.swift in Sources */ = {isa = PBXBuildFile; fileRef = 3A27F4981E433A0E008A7F7E /* HomeViewController.swift */; };
		3A27F4A31E433A0E008A7F7E /* SideMenuViewController.swift in Sources */ = {isa = PBXBuildFile; fileRef = 3A27F4991E433A0E008A7F7E /* SideMenuViewController.swift */; };
		3A27F4A41E433A0E008A7F7E /* SkyRattleViewController.swift in Sources */ = {isa = PBXBuildFile; fileRef = 3A27F49A1E433A0E008A7F7E /* SkyRattleViewController.swift */; };
		3A27F4A51E433A0E008A7F7E /* SoundTimerViewController.swift in Sources */ = {isa = PBXBuildFile; fileRef = 3A27F49B1E433A0E008A7F7E /* SoundTimerViewController.swift */; };
		3A27F4A71E433A83008A7F7E /* FloatingImageContentView.swift in Sources */ = {isa = PBXBuildFile; fileRef = 3A27F4A61E433A83008A7F7E /* FloatingImageContentView.swift */; };
		3A9BAEF11E3F7C36000FC640 /* DateExtension.swift in Sources */ = {isa = PBXBuildFile; fileRef = 3A9BAEF01E3F7C36000FC640 /* DateExtension.swift */; };
		3A9BAEF31E3F9882000FC640 /* EventLogTableViewCell.swift in Sources */ = {isa = PBXBuildFile; fileRef = 3A9BAEF21E3F9882000FC640 /* EventLogTableViewCell.swift */; };
		3A9BAEF51E3F9907000FC640 /* EventModel.swift in Sources */ = {isa = PBXBuildFile; fileRef = 3A9BAEF41E3F9907000FC640 /* EventModel.swift */; };
		3AFB52FF1E3F26D700627C8E /* AppDelegate.swift in Sources */ = {isa = PBXBuildFile; fileRef = 3AFB52F81E3F26D700627C8E /* AppDelegate.swift */; };
		3AFB531F1E3F298100627C8E /* Images.xcassets in Resources */ = {isa = PBXBuildFile; fileRef = 3AFB531E1E3F298100627C8E /* Images.xcassets */; };
		3AFB532B1E3F6F9D00627C8E /* UIImageView+Color.swift in Sources */ = {isa = PBXBuildFile; fileRef = 3AFB532A1E3F6F9D00627C8E /* UIImageView+Color.swift */; };
		BE39897EED516E52B2BF7B14 /* Pods_MASSDK_Swift.framework in Frameworks */ = {isa = PBXBuildFile; fileRef = 5B746C121D4E0A09DEA96CDF /* Pods_MASSDK_Swift.framework */; };
		E1D4B4C51E9DDB9300A86C36 /* sound_wind.wav in Resources */ = {isa = PBXBuildFile; fileRef = E1D4B4C21E9DDB9300A86C36 /* sound_wind.wav */; };
		E1D4B4C61E9DDB9300A86C36 /* sound_guitar.wav in Resources */ = {isa = PBXBuildFile; fileRef = E1D4B4C31E9DDB9300A86C36 /* sound_guitar.wav */; };
		E1D4B4C71E9DDB9300A86C36 /* sound_grandfather_clock.wav in Resources */ = {isa = PBXBuildFile; fileRef = E1D4B4C41E9DDB9300A86C36 /* sound_grandfather_clock.wav */; };
		E1D4B4CB1E9DDD8A00A86C36 /* Reachability.m in Sources */ = {isa = PBXBuildFile; fileRef = E1D4B4CA1E9DDD8A00A86C36 /* Reachability.m */; };
/* End PBXBuildFile section */

/* Begin PBXCopyFilesBuildPhase section */
		131D1A951CDB5D8D007C9F2A /* Embed Frameworks */ = {
			isa = PBXCopyFilesBuildPhase;
			buildActionMask = 2147483647;
			dstPath = "";
			dstSubfolderSpec = 10;
			files = (
				131D1A941CDB5D8D007C9F2A /* MASSDK.framework in Embed Frameworks */,
			);
			name = "Embed Frameworks";
			runOnlyForDeploymentPostprocessing = 0;
		};
/* End PBXCopyFilesBuildPhase section */

/* Begin PBXFileReference section */
		0A353F221E938FF50009F8CF /* animal_cow.wav */ = {isa = PBXFileReference; lastKnownFileType = audio.wav; path = animal_cow.wav; sourceTree = "<group>"; };
		0A3AF9C81E4E3D7200D3FBAD /* AnimalsView.swift */ = {isa = PBXFileReference; fileEncoding = 4; lastKnownFileType = sourcecode.swift; path = AnimalsView.swift; sourceTree = "<group>"; };
		0A3AF9CA1E4E43AB00D3FBAD /* Constants.swift */ = {isa = PBXFileReference; fileEncoding = 4; lastKnownFileType = sourcecode.swift; path = Constants.swift; sourceTree = "<group>"; };
		0A3AF9CC1E4E5E2200D3FBAD /* Settings.swift */ = {isa = PBXFileReference; fileEncoding = 4; lastKnownFileType = sourcecode.swift; path = Settings.swift; sourceTree = "<group>"; };
		0A3EEBA41E78AD150009706B /* BabyRadioItems.swift */ = {isa = PBXFileReference; fileEncoding = 4; lastKnownFileType = sourcecode.swift; path = BabyRadioItems.swift; sourceTree = "<group>"; };
		0A3EEBA71E793DF60009706B /* AnimalNoises.swift */ = {isa = PBXFileReference; fileEncoding = 4; lastKnownFileType = sourcecode.swift; path = AnimalNoises.swift; sourceTree = "<group>"; };
		0A3EEBA91E7944190009706B /* AnimalNoiseModel.swift */ = {isa = PBXFileReference; fileEncoding = 4; lastKnownFileType = sourcecode.swift; path = AnimalNoiseModel.swift; sourceTree = "<group>"; };
		0A3EEBAB1E79736F0009706B /* Assets.xcassets */ = {isa = PBXFileReference; lastKnownFileType = folder.assetcatalog; path = Assets.xcassets; sourceTree = "<group>"; };
		0A775F751E74A81A000526DC /* RattlesView.swift */ = {isa = PBXFileReference; fileEncoding = 4; lastKnownFileType = sourcecode.swift; path = RattlesView.swift; sourceTree = "<group>"; };
		0A775F771E74ACA9000526DC /* CommonUtils.swift */ = {isa = PBXFileReference; fileEncoding = 4; lastKnownFileType = sourcecode.swift; path = CommonUtils.swift; sourceTree = "<group>"; };
		0A775F791E74B1D2000526DC /* RattleView.swift */ = {isa = PBXFileReference; fileEncoding = 4; lastKnownFileType = sourcecode.swift; path = RattleView.swift; sourceTree = "<group>"; };
		0A9DAFD21E932F1400012B32 /* sound_chimes.wav */ = {isa = PBXFileReference; lastKnownFileType = audio.wav; path = sound_chimes.wav; sourceTree = "<group>"; };
		0A9DAFD41E932F8A00012B32 /* sound_sax.wav */ = {isa = PBXFileReference; lastKnownFileType = audio.wav; path = sound_sax.wav; sourceTree = "<group>"; };
		0A9DAFD51E932F8A00012B32 /* sound_violin.wav */ = {isa = PBXFileReference; lastKnownFileType = audio.wav; path = sound_violin.wav; sourceTree = "<group>"; };
		0A9DAFD61E932F8A00012B32 /* sound_xylophone.wav */ = {isa = PBXFileReference; lastKnownFileType = audio.wav; path = sound_xylophone.wav; sourceTree = "<group>"; };
		0A9DAFDA1E93300900012B32 /* sound_air_conditioning.wav */ = {isa = PBXFileReference; lastKnownFileType = audio.wav; path = sound_air_conditioning.wav; sourceTree = "<group>"; };
		0A9DAFDC1E93302300012B32 /* sound_train.wav */ = {isa = PBXFileReference; lastKnownFileType = audio.wav; path = sound_train.wav; sourceTree = "<group>"; };
		0A9DAFDE1E93309300012B32 /* sound_dishwasher.wav */ = {isa = PBXFileReference; lastKnownFileType = audio.wav; path = sound_dishwasher.wav; sourceTree = "<group>"; };
		0A9DAFE01E933C8B00012B32 /* animal_cat.wav */ = {isa = PBXFileReference; lastKnownFileType = audio.wav; path = animal_cat.wav; sourceTree = "<group>"; };
		0A9DAFE11E933C8B00012B32 /* animal_cock.wav */ = {isa = PBXFileReference; lastKnownFileType = audio.wav; path = animal_cock.wav; sourceTree = "<group>"; };
		0A9DAFE21E933C8B00012B32 /* animal_dog.wav */ = {isa = PBXFileReference; lastKnownFileType = audio.wav; path = animal_dog.wav; sourceTree = "<group>"; };
		0A9DAFE31E933C8B00012B32 /* animal_sheep.wav */ = {isa = PBXFileReference; lastKnownFileType = audio.wav; path = animal_sheep.wav; sourceTree = "<group>"; };
		0A9DAFE81E938B9C00012B32 /* animal_hen.wav */ = {isa = PBXFileReference; lastKnownFileType = audio.wav; path = animal_hen.wav; sourceTree = "<group>"; };
		0A9DAFEA1E938C3B00012B32 /* animal_goat.mp3 */ = {isa = PBXFileReference; lastKnownFileType = audio.mp3; path = animal_goat.mp3; sourceTree = "<group>"; };
		0A9DAFEC1E938CAC00012B32 /* animal_horse.mp3 */ = {isa = PBXFileReference; lastKnownFileType = audio.mp3; path = animal_horse.mp3; sourceTree = "<group>"; };
		0A9DAFEE1E938E1600012B32 /* animal_goat.wav */ = {isa = PBXFileReference; lastKnownFileType = audio.wav; path = animal_goat.wav; sourceTree = "<group>"; };
		0A9DAFF01E938E2D00012B32 /* animal_pig.wav */ = {isa = PBXFileReference; lastKnownFileType = audio.wav; path = animal_pig.wav; sourceTree = "<group>"; };
		0A9DAFF21E938E4200012B32 /* animal_horse.wav */ = {isa = PBXFileReference; lastKnownFileType = audio.wav; path = animal_horse.wav; sourceTree = "<group>"; };
		0ACB08F91E782BE700D257D6 /* FloatingItemModel.swift */ = {isa = PBXFileReference; fileEncoding = 4; lastKnownFileType = sourcecode.swift; path = FloatingItemModel.swift; sourceTree = "<group>"; };
		0AD0BFEF1E6D5CDE0000C1D3 /* BabyTips.swift */ = {isa = PBXFileReference; fileEncoding = 4; lastKnownFileType = sourcecode.swift; name = BabyTips.swift; path = ../Model/BabyTips.swift; sourceTree = "<group>"; };
		0AD7CD8B1E8274CB00839CF8 /* UIView+Extensions.swift */ = {isa = PBXFileReference; fileEncoding = 4; lastKnownFileType = sourcecode.swift; path = "UIView+Extensions.swift"; sourceTree = "<group>"; };
		0AD7CD8D1E827D0300839CF8 /* right.mp3 */ = {isa = PBXFileReference; lastKnownFileType = audio.mp3; path = right.mp3; sourceTree = "<group>"; };
		0AE18AA61E6FEAE500932FB8 /* RattleModel.swift */ = {isa = PBXFileReference; fileEncoding = 4; lastKnownFileType = sourcecode.swift; path = RattleModel.swift; sourceTree = "<group>"; };
		0AE18AA81E6FECC400932FB8 /* RattleUtils.swift */ = {isa = PBXFileReference; fileEncoding = 4; lastKnownFileType = sourcecode.swift; path = RattleUtils.swift; sourceTree = "<group>"; };
		0AF682DF1E8A972800BDC343 /* sound_wipers.wav */ = {isa = PBXFileReference; lastKnownFileType = audio.wav; path = sound_wipers.wav; sourceTree = "<group>"; };
		0AF682E21E8A972800BDC343 /* sound_fan.wav */ = {isa = PBXFileReference; lastKnownFileType = audio.wav; path = sound_fan.wav; sourceTree = "<group>"; };
		0AF682E31E8A972800BDC343 /* sound_shower.wav */ = {isa = PBXFileReference; lastKnownFileType = audio.wav; path = sound_shower.wav; sourceTree = "<group>"; };
		0AF682E41E8A972800BDC343 /* sound_lorry.wav */ = {isa = PBXFileReference; lastKnownFileType = audio.wav; path = sound_lorry.wav; sourceTree = "<group>"; };
		0AF682E51E8A972800BDC343 /* sound_white_noise.wav */ = {isa = PBXFileReference; lastKnownFileType = audio.wav; path = sound_white_noise.wav; sourceTree = "<group>"; };
		0AF682E61E8A972800BDC343 /* sound_vacuum_cleaner.wav */ = {isa = PBXFileReference; lastKnownFileType = audio.wav; path = sound_vacuum_cleaner.wav; sourceTree = "<group>"; };
		0AF682E71E8A972800BDC343 /* sound_washing_machine.wav */ = {isa = PBXFileReference; lastKnownFileType = audio.wav; path = sound_washing_machine.wav; sourceTree = "<group>"; };
		0AF682E81E8A972800BDC343 /* sound_mom's_heartbeat.wav */ = {isa = PBXFileReference; lastKnownFileType = audio.wav; path = "sound_mom's_heartbeat.wav"; sourceTree = "<group>"; };
		0AF682E91E8A972800BDC343 /* sound_fire.wav */ = {isa = PBXFileReference; lastKnownFileType = audio.wav; path = sound_fire.wav; sourceTree = "<group>"; };
		0AF682EA1E8A972800BDC343 /* sound_cat_purr.wav */ = {isa = PBXFileReference; lastKnownFileType = audio.wav; path = sound_cat_purr.wav; sourceTree = "<group>"; };
		0AF682EB1E8A972800BDC343 /* sound_forest.wav */ = {isa = PBXFileReference; lastKnownFileType = audio.wav; path = sound_forest.wav; sourceTree = "<group>"; };
		0AF682EC1E8A972800BDC343 /* sound_rain.wav */ = {isa = PBXFileReference; lastKnownFileType = audio.wav; path = sound_rain.wav; sourceTree = "<group>"; };
		0AF682ED1E8A972800BDC343 /* sound_stream.wav */ = {isa = PBXFileReference; lastKnownFileType = audio.wav; path = sound_stream.wav; sourceTree = "<group>"; };
		0AF682EE1E8A972800BDC343 /* 2 sea waves.wav */ = {isa = PBXFileReference; lastKnownFileType = audio.wav; path = "2 sea waves.wav"; sourceTree = "<group>"; };
		0AF682EF1E8A972800BDC343 /* sound_waterfall.wav */ = {isa = PBXFileReference; lastKnownFileType = audio.wav; path = sound_waterfall.wav; sourceTree = "<group>"; };
		0AF682F01E8A972800BDC343 /* sound_flute.wav */ = {isa = PBXFileReference; lastKnownFileType = audio.wav; path = sound_flute.wav; sourceTree = "<group>"; };
		0AF682F11E8A972800BDC343 /* sound_piano.wav */ = {isa = PBXFileReference; lastKnownFileType = audio.wav; path = sound_piano.wav; sourceTree = "<group>"; };
		0AF682F31E8A972800BDC343 /* sound_harp.wav */ = {isa = PBXFileReference; lastKnownFileType = audio.wav; path = sound_harp.wav; sourceTree = "<group>"; };
		0AF682F41E8A972800BDC343 /* sound_lyre.wav */ = {isa = PBXFileReference; lastKnownFileType = audio.wav; path = sound_lyre.wav; sourceTree = "<group>"; };
		0AF682F51E8A972800BDC343 /* sound_jukebox.wav */ = {isa = PBXFileReference; lastKnownFileType = audio.wav; path = sound_jukebox.wav; sourceTree = "<group>"; };
		0AF682F61E8A972800BDC343 /* 3 soothing melody.wav */ = {isa = PBXFileReference; lastKnownFileType = audio.wav; path = "3 soothing melody.wav"; sourceTree = "<group>"; };
		0AF682F71E8A972800BDC343 /* 3 throat singing.wav */ = {isa = PBXFileReference; lastKnownFileType = audio.wav; path = "3 throat singing.wav"; sourceTree = "<group>"; };
		0AF683111E8BAC1E00BDC343 /* sound_dolphin.wav */ = {isa = PBXFileReference; lastKnownFileType = audio.wav; path = sound_dolphin.wav; sourceTree = "<group>"; };
		0AF683131E8C5E1500BDC343 /* FMDBManager.swift */ = {isa = PBXFileReference; fileEncoding = 4; lastKnownFileType = sourcecode.swift; path = FMDBManager.swift; sourceTree = "<group>"; };
		0AF683161E8C62B200BDC343 /* FMDBManager+Data.swift */ = {isa = PBXFileReference; fileEncoding = 4; lastKnownFileType = sourcecode.swift; path = "FMDBManager+Data.swift"; sourceTree = "<group>"; };
		0AF683181E8C71A800BDC343 /* ParseHelper.swift */ = {isa = PBXFileReference; fileEncoding = 4; lastKnownFileType = sourcecode.swift; path = ParseHelper.swift; sourceTree = "<group>"; };
		131D1A4F1CDB58F0007C9F2A /* MASSDK_Swift.app */ = {isa = PBXFileReference; explicitFileType = wrapper.application; includeInIndex = 0; path = MASSDK_Swift.app; sourceTree = BUILT_PRODUCTS_DIR; };
		131D1A571CDB58F0007C9F2A /* Base */ = {isa = PBXFileReference; lastKnownFileType = file.storyboard; name = Base; path = Base.lproj/Main.storyboard; sourceTree = "<group>"; };
		131D1A5C1CDB58F0007C9F2A /* Base */ = {isa = PBXFileReference; lastKnownFileType = file.storyboard; name = Base; path = Base.lproj/LaunchScreen.storyboard; sourceTree = "<group>"; };
		131D1A5E1CDB58F0007C9F2A /* Info.plist */ = {isa = PBXFileReference; lastKnownFileType = text.plist.xml; path = Info.plist; sourceTree = "<group>"; };
		131D1A911CDB5D88007C9F2A /* MASSDK.framework */ = {isa = PBXFileReference; lastKnownFileType = wrapper.framework; path = MASSDK.framework; sourceTree = "<group>"; };
		3A27F48D1E4339D8008A7F7E /* SOXShapedTapView.swift */ = {isa = PBXFileReference; fileEncoding = 4; lastKnownFileType = sourcecode.swift; path = SOXShapedTapView.swift; sourceTree = "<group>"; };
		3A27F4921E433A0E008A7F7E /* AnimalNoisesViewController.swift */ = {isa = PBXFileReference; fileEncoding = 4; lastKnownFileType = sourcecode.swift; path = AnimalNoisesViewController.swift; sourceTree = "<group>"; };
		3A27F4931E433A0E008A7F7E /* BabyModeViewController.swift */ = {isa = PBXFileReference; fileEncoding = 4; lastKnownFileType = sourcecode.swift; path = BabyModeViewController.swift; sourceTree = "<group>"; };
		3A27F4941E433A0E008A7F7E /* BabyRadioViewController.swift */ = {isa = PBXFileReference; fileEncoding = 4; lastKnownFileType = sourcecode.swift; path = BabyRadioViewController.swift; sourceTree = "<group>"; };
		3A27F4951E433A0E008A7F7E /* BabyTipsViewController.swift */ = {isa = PBXFileReference; fileEncoding = 4; lastKnownFileType = sourcecode.swift; path = BabyTipsViewController.swift; sourceTree = "<group>"; };
		3A27F4961E433A0E008A7F7E /* BaseViewController.swift */ = {isa = PBXFileReference; fileEncoding = 4; lastKnownFileType = sourcecode.swift; path = BaseViewController.swift; sourceTree = "<group>"; };
		3A27F4971E433A0E008A7F7E /* EventLogViewController.swift */ = {isa = PBXFileReference; fileEncoding = 4; lastKnownFileType = sourcecode.swift; path = EventLogViewController.swift; sourceTree = "<group>"; };
		3A27F4981E433A0E008A7F7E /* HomeViewController.swift */ = {isa = PBXFileReference; fileEncoding = 4; lastKnownFileType = sourcecode.swift; path = HomeViewController.swift; sourceTree = "<group>"; };
		3A27F4991E433A0E008A7F7E /* SideMenuViewController.swift */ = {isa = PBXFileReference; fileEncoding = 4; lastKnownFileType = sourcecode.swift; path = SideMenuViewController.swift; sourceTree = "<group>"; };
		3A27F49A1E433A0E008A7F7E /* SkyRattleViewController.swift */ = {isa = PBXFileReference; fileEncoding = 4; lastKnownFileType = sourcecode.swift; path = SkyRattleViewController.swift; sourceTree = "<group>"; };
		3A27F49B1E433A0E008A7F7E /* SoundTimerViewController.swift */ = {isa = PBXFileReference; fileEncoding = 4; lastKnownFileType = sourcecode.swift; path = SoundTimerViewController.swift; sourceTree = "<group>"; };
		3A27F4A61E433A83008A7F7E /* FloatingImageContentView.swift */ = {isa = PBXFileReference; fileEncoding = 4; lastKnownFileType = sourcecode.swift; path = FloatingImageContentView.swift; sourceTree = "<group>"; };
		3A9BAEF01E3F7C36000FC640 /* DateExtension.swift */ = {isa = PBXFileReference; fileEncoding = 4; lastKnownFileType = sourcecode.swift; path = DateExtension.swift; sourceTree = "<group>"; };
		3A9BAEF21E3F9882000FC640 /* EventLogTableViewCell.swift */ = {isa = PBXFileReference; fileEncoding = 4; lastKnownFileType = sourcecode.swift; path = EventLogTableViewCell.swift; sourceTree = "<group>"; };
		3A9BAEF41E3F9907000FC640 /* EventModel.swift */ = {isa = PBXFileReference; fileEncoding = 4; lastKnownFileType = sourcecode.swift; path = EventModel.swift; sourceTree = "<group>"; };
		3AFB52F81E3F26D700627C8E /* AppDelegate.swift */ = {isa = PBXFileReference; fileEncoding = 4; lastKnownFileType = sourcecode.swift; path = AppDelegate.swift; sourceTree = "<group>"; };
		3AFB53171E3F294C00627C8E /* MASSDK_Swift-Bridging-Header.h */ = {isa = PBXFileReference; lastKnownFileType = sourcecode.c.h; path = "MASSDK_Swift-Bridging-Header.h"; sourceTree = "<group>"; };
		3AFB531E1E3F298100627C8E /* Images.xcassets */ = {isa = PBXFileReference; lastKnownFileType = folder.assetcatalog; path = Images.xcassets; sourceTree = "<group>"; };
		3AFB532A1E3F6F9D00627C8E /* UIImageView+Color.swift */ = {isa = PBXFileReference; fileEncoding = 4; lastKnownFileType = sourcecode.swift; path = "UIImageView+Color.swift"; sourceTree = "<group>"; };
		5B746C121D4E0A09DEA96CDF /* Pods_MASSDK_Swift.framework */ = {isa = PBXFileReference; explicitFileType = wrapper.framework; includeInIndex = 0; path = Pods_MASSDK_Swift.framework; sourceTree = BUILT_PRODUCTS_DIR; };
		8D525EED754EA1F5B7FB9D13 /* Pods-MASSDK_Swift.release.xcconfig */ = {isa = PBXFileReference; includeInIndex = 1; lastKnownFileType = text.xcconfig; name = "Pods-MASSDK_Swift.release.xcconfig"; path = "Pods/Target Support Files/Pods-MASSDK_Swift/Pods-MASSDK_Swift.release.xcconfig"; sourceTree = "<group>"; };
		97BC616A5AD9BEAC7086DA22 /* Pods-MASSDK_Swift.debug.xcconfig */ = {isa = PBXFileReference; includeInIndex = 1; lastKnownFileType = text.xcconfig; name = "Pods-MASSDK_Swift.debug.xcconfig"; path = "Pods/Target Support Files/Pods-MASSDK_Swift/Pods-MASSDK_Swift.debug.xcconfig"; sourceTree = "<group>"; };
		E1D4B4C21E9DDB9300A86C36 /* sound_wind.wav */ = {isa = PBXFileReference; lastKnownFileType = audio.wav; path = sound_wind.wav; sourceTree = "<group>"; };
		E1D4B4C31E9DDB9300A86C36 /* sound_guitar.wav */ = {isa = PBXFileReference; lastKnownFileType = audio.wav; path = sound_guitar.wav; sourceTree = "<group>"; };
		E1D4B4C41E9DDB9300A86C36 /* sound_grandfather_clock.wav */ = {isa = PBXFileReference; lastKnownFileType = audio.wav; path = sound_grandfather_clock.wav; sourceTree = "<group>"; };
		E1D4B4C91E9DDD8A00A86C36 /* Reachability.h */ = {isa = PBXFileReference; fileEncoding = 4; lastKnownFileType = sourcecode.c.h; path = Reachability.h; sourceTree = "<group>"; };
		E1D4B4CA1E9DDD8A00A86C36 /* Reachability.m */ = {isa = PBXFileReference; fileEncoding = 4; lastKnownFileType = sourcecode.c.objc; path = Reachability.m; sourceTree = "<group>"; };
/* End PBXFileReference section */

/* Begin PBXFrameworksBuildPhase section */
		131D1A4C1CDB58F0007C9F2A /* Frameworks */ = {
			isa = PBXFrameworksBuildPhase;
			buildActionMask = 2147483647;
			files = (
				131D1A931CDB5D8D007C9F2A /* MASSDK.framework in Frameworks */,
				BE39897EED516E52B2BF7B14 /* Pods_MASSDK_Swift.framework in Frameworks */,
			);
			runOnlyForDeploymentPostprocessing = 0;
		};
/* End PBXFrameworksBuildPhase section */

/* Begin PBXGroup section */
		0A3EEBA61E78D1100009706B /* Data */ = {
			isa = PBXGroup;
			children = (
				0A3EEBA41E78AD150009706B /* BabyRadioItems.swift */,
				0AD0BFEF1E6D5CDE0000C1D3 /* BabyTips.swift */,
				0A3EEBA71E793DF60009706B /* AnimalNoises.swift */,
			);
			name = Data;
			sourceTree = "<group>";
		};
		0ACB08F61E782AB300D257D6 /* Baby Radio */ = {
			isa = PBXGroup;
			children = (
				3A27F4A61E433A83008A7F7E /* FloatingImageContentView.swift */,
			);
			name = "Baby Radio";
			sourceTree = "<group>";
		};
		0ACB08F71E782AC700D257D6 /* Animal noises */ = {
			isa = PBXGroup;
			children = (
				0A3AF9C81E4E3D7200D3FBAD /* AnimalsView.swift */,
			);
			name = "Animal noises";
			sourceTree = "<group>";
		};
		0ACB08F81E782AD700D257D6 /* Rattles */ = {
			isa = PBXGroup;
			children = (
				0A775F791E74B1D2000526DC /* RattleView.swift */,
				0A775F751E74A81A000526DC /* RattlesView.swift */,
			);
			name = Rattles;
			sourceTree = "<group>";
		};
		0AF682DE1E8A972800BDC343 /* Baby Radio */ = {
			isa = PBXGroup;
			children = (
				0A9DAFEE1E938E1600012B32 /* animal_goat.wav */,
				0A9DAFF21E938E4200012B32 /* animal_horse.wav */,
				0A353F221E938FF50009F8CF /* animal_cow.wav */,
				0A9DAFF01E938E2D00012B32 /* animal_pig.wav */,
				0AF682DF1E8A972800BDC343 /* sound_wipers.wav */,
				0A9DAFEC1E938CAC00012B32 /* animal_horse.mp3 */,
				E1D4B4C21E9DDB9300A86C36 /* sound_wind.wav */,
				E1D4B4C31E9DDB9300A86C36 /* sound_guitar.wav */,
				E1D4B4C41E9DDB9300A86C36 /* sound_grandfather_clock.wav */,
				0A9DAFEA1E938C3B00012B32 /* animal_goat.mp3 */,
				0A9DAFE81E938B9C00012B32 /* animal_hen.wav */,
				0AF682E21E8A972800BDC343 /* sound_fan.wav */,
				0AF682E31E8A972800BDC343 /* sound_shower.wav */,
				0AF682E41E8A972800BDC343 /* sound_lorry.wav */,
				0AF682E51E8A972800BDC343 /* sound_white_noise.wav */,
				0AF682E61E8A972800BDC343 /* sound_vacuum_cleaner.wav */,
				0AF682E71E8A972800BDC343 /* sound_washing_machine.wav */,
				0AF682E81E8A972800BDC343 /* sound_mom's_heartbeat.wav */,
				0AF682E91E8A972800BDC343 /* sound_fire.wav */,
				0A9DAFDA1E93300900012B32 /* sound_air_conditioning.wav */,
				0AF682EA1E8A972800BDC343 /* sound_cat_purr.wav */,
				0AF682EB1E8A972800BDC343 /* sound_forest.wav */,
				0A9DAFDE1E93309300012B32 /* sound_dishwasher.wav */,
				0AF682EC1E8A972800BDC343 /* sound_rain.wav */,
				0A9DAFDC1E93302300012B32 /* sound_train.wav */,
				0AF682ED1E8A972800BDC343 /* sound_stream.wav */,
				0AF682EE1E8A972800BDC343 /* 2 sea waves.wav */,
				0A9DAFD41E932F8A00012B32 /* sound_sax.wav */,
				0A9DAFD51E932F8A00012B32 /* sound_violin.wav */,
				0A9DAFD61E932F8A00012B32 /* sound_xylophone.wav */,
				0AF682EF1E8A972800BDC343 /* sound_waterfall.wav */,
				0AF682F01E8A972800BDC343 /* sound_flute.wav */,
				0AF682F11E8A972800BDC343 /* sound_piano.wav */,
				0A9DAFD21E932F1400012B32 /* sound_chimes.wav */,
				0AF682F31E8A972800BDC343 /* sound_harp.wav */,
				0AF682F41E8A972800BDC343 /* sound_lyre.wav */,
				0AF682F51E8A972800BDC343 /* sound_jukebox.wav */,
				0AF682F61E8A972800BDC343 /* 3 soothing melody.wav */,
				0AF683111E8BAC1E00BDC343 /* sound_dolphin.wav */,
				0AF682F71E8A972800BDC343 /* 3 throat singing.wav */,
				0A9DAFE01E933C8B00012B32 /* animal_cat.wav */,
				0A9DAFE11E933C8B00012B32 /* animal_cock.wav */,
				0A9DAFE21E933C8B00012B32 /* animal_dog.wav */,
				0A9DAFE31E933C8B00012B32 /* animal_sheep.wav */,
			);
			path = "Baby Radio";
			sourceTree = "<group>";
		};
		0AF683151E8C5E1A00BDC343 /* FMDB */ = {
			isa = PBXGroup;
			children = (
				0AF683131E8C5E1500BDC343 /* FMDBManager.swift */,
				0AF683161E8C62B200BDC343 /* FMDBManager+Data.swift */,
			);
			name = FMDB;
			sourceTree = "<group>";
		};
		13184192EE0C2069675ADF8E /* Frameworks */ = {
			isa = PBXGroup;
			children = (
				5B746C121D4E0A09DEA96CDF /* Pods_MASSDK_Swift.framework */,
			);
			name = Frameworks;
			sourceTree = "<group>";
		};
		131D1A461CDB58F0007C9F2A = {
			isa = PBXGroup;
			children = (
				131D1A511CDB58F0007C9F2A /* MASSDK_Swift */,
				131D1A501CDB58F0007C9F2A /* Products */,
				D8D23F38F52A2D0956CC6962 /* Pods */,
				13184192EE0C2069675ADF8E /* Frameworks */,
			);
			sourceTree = "<group>";
		};
		131D1A501CDB58F0007C9F2A /* Products */ = {
			isa = PBXGroup;
			children = (
				131D1A4F1CDB58F0007C9F2A /* MASSDK_Swift.app */,
			);
			name = Products;
			sourceTree = "<group>";
		};
		131D1A511CDB58F0007C9F2A /* MASSDK_Swift */ = {
			isa = PBXGroup;
			children = (
				3AFB52F71E3F26D700627C8E /* Application */,
				3AFB53001E3F26FA00627C8E /* Base.lproj */,
				3AFB52FA1E3F26D700627C8E /* Model */,
				3AFB52FE1E3F26D700627C8E /* View */,
				3AFB52F91E3F26D700627C8E /* Controllers */,
				3AFB52FC1E3F26D700627C8E /* Utils */,
				3AFB52FB1E3F26D700627C8E /* Resource */,
				3AFB52FD1E3F26D700627C8E /* Vendor */,
				131D1A5E1CDB58F0007C9F2A /* Info.plist */,
				131D1A911CDB5D88007C9F2A /* MASSDK.framework */,
			);
			path = MASSDK_Swift;
			sourceTree = "<group>";
		};
		3AFB52F71E3F26D700627C8E /* Application */ = {
			isa = PBXGroup;
			children = (
				3AFB52F81E3F26D700627C8E /* AppDelegate.swift */,
			);
			path = Application;
			sourceTree = "<group>";
		};
		3AFB52F91E3F26D700627C8E /* Controllers */ = {
			isa = PBXGroup;
			children = (
				3A27F4961E433A0E008A7F7E /* BaseViewController.swift */,
				3AFB53221E3F45A200627C8E /* Baby Radio */,
				3AFB53231E3F461C00627C8E /* Sound Timer */,
				3AFB53241E3F462E00627C8E /* Baby Mode */,
				3AFB53251E3F463800627C8E /* Event Log */,
				3AFB53261E3F464600627C8E /* Baby Tips */,
				3AFB53271E3F466800627C8E /* Sky Rattle */,
				3AFB53281E3F467300627C8E /* Animal Noises */,
				3A27F4991E433A0E008A7F7E /* SideMenuViewController.swift */,
			);
			path = Controllers;
			sourceTree = "<group>";
		};
		3AFB52FA1E3F26D700627C8E /* Model */ = {
			isa = PBXGroup;
			children = (
				3A9BAEF41E3F9907000FC640 /* EventModel.swift */,
				0AE18AA61E6FEAE500932FB8 /* RattleModel.swift */,
				0ACB08F91E782BE700D257D6 /* FloatingItemModel.swift */,
				0A3EEBA91E7944190009706B /* AnimalNoiseModel.swift */,
			);
			path = Model;
			sourceTree = "<group>";
		};
		3AFB52FB1E3F26D700627C8E /* Resource */ = {
			isa = PBXGroup;
			children = (
				0AF682DE1E8A972800BDC343 /* Baby Radio */,
				0AD7CD8D1E827D0300839CF8 /* right.mp3 */,
				0A3EEBAB1E79736F0009706B /* Assets.xcassets */,
				3AFB531E1E3F298100627C8E /* Images.xcassets */,
			);
			path = Resource;
			sourceTree = "<group>";
		};
		3AFB52FC1E3F26D700627C8E /* Utils */ = {
			isa = PBXGroup;
			children = (
				0A3EEBA61E78D1100009706B /* Data */,
				0AF683151E8C5E1A00BDC343 /* FMDB */,
				3AFB532A1E3F6F9D00627C8E /* UIImageView+Color.swift */,
				3A9BAEF01E3F7C36000FC640 /* DateExtension.swift */,
				0A3AF9CA1E4E43AB00D3FBAD /* Constants.swift */,
				0A3AF9CC1E4E5E2200D3FBAD /* Settings.swift */,
				0AE18AA81E6FECC400932FB8 /* RattleUtils.swift */,
				0A775F771E74ACA9000526DC /* CommonUtils.swift */,
				0AD7CD8B1E8274CB00839CF8 /* UIView+Extensions.swift */,
				0AF683181E8C71A800BDC343 /* ParseHelper.swift */,
			);
			path = Utils;
			sourceTree = "<group>";
		};
		3AFB52FD1E3F26D700627C8E /* Vendor */ = {
			isa = PBXGroup;
			children = (
				E1D4B4C91E9DDD8A00A86C36 /* Reachability.h */,
				E1D4B4CA1E9DDD8A00A86C36 /* Reachability.m */,
				3A27F48D1E4339D8008A7F7E /* SOXShapedTapView.swift */,
				3AFB53171E3F294C00627C8E /* MASSDK_Swift-Bridging-Header.h */,
			);
			path = Vendor;
			sourceTree = "<group>";
		};
		3AFB52FE1E3F26D700627C8E /* View */ = {
			isa = PBXGroup;
			children = (
				0ACB08F61E782AB300D257D6 /* Baby Radio */,
				0ACB08F71E782AC700D257D6 /* Animal noises */,
				0ACB08F81E782AD700D257D6 /* Rattles */,
			);
			path = View;
			sourceTree = "<group>";
		};
		3AFB53001E3F26FA00627C8E /* Base.lproj */ = {
			isa = PBXGroup;
			children = (
				131D1A561CDB58F0007C9F2A /* Main.storyboard */,
				131D1A5B1CDB58F0007C9F2A /* LaunchScreen.storyboard */,
			);
			name = Base.lproj;
			sourceTree = "<group>";
		};
		3AFB53221E3F45A200627C8E /* Baby Radio */ = {
			isa = PBXGroup;
			children = (
				3A27F4941E433A0E008A7F7E /* BabyRadioViewController.swift */,
				3A27F4981E433A0E008A7F7E /* HomeViewController.swift */,
			);
			name = "Baby Radio";
			sourceTree = "<group>";
		};
		3AFB53231E3F461C00627C8E /* Sound Timer */ = {
			isa = PBXGroup;
			children = (
				3A27F49B1E433A0E008A7F7E /* SoundTimerViewController.swift */,
			);
			name = "Sound Timer";
			sourceTree = "<group>";
		};
		3AFB53241E3F462E00627C8E /* Baby Mode */ = {
			isa = PBXGroup;
			children = (
				3A27F4931E433A0E008A7F7E /* BabyModeViewController.swift */,
			);
			name = "Baby Mode";
			sourceTree = "<group>";
		};
		3AFB53251E3F463800627C8E /* Event Log */ = {
			isa = PBXGroup;
			children = (
				3A27F4971E433A0E008A7F7E /* EventLogViewController.swift */,
				3A9BAEF21E3F9882000FC640 /* EventLogTableViewCell.swift */,
			);
			name = "Event Log";
			sourceTree = "<group>";
		};
		3AFB53261E3F464600627C8E /* Baby Tips */ = {
			isa = PBXGroup;
			children = (
				3A27F4951E433A0E008A7F7E /* BabyTipsViewController.swift */,
			);
			name = "Baby Tips";
			sourceTree = "<group>";
		};
		3AFB53271E3F466800627C8E /* Sky Rattle */ = {
			isa = PBXGroup;
			children = (
				3A27F49A1E433A0E008A7F7E /* SkyRattleViewController.swift */,
			);
			name = "Sky Rattle";
			sourceTree = "<group>";
		};
		3AFB53281E3F467300627C8E /* Animal Noises */ = {
			isa = PBXGroup;
			children = (
				3A27F4921E433A0E008A7F7E /* AnimalNoisesViewController.swift */,
			);
			name = "Animal Noises";
			sourceTree = "<group>";
		};
		D8D23F38F52A2D0956CC6962 /* Pods */ = {
			isa = PBXGroup;
			children = (
				97BC616A5AD9BEAC7086DA22 /* Pods-MASSDK_Swift.debug.xcconfig */,
				8D525EED754EA1F5B7FB9D13 /* Pods-MASSDK_Swift.release.xcconfig */,
			);
			name = Pods;
			sourceTree = "<group>";
		};
/* End PBXGroup section */

/* Begin PBXNativeTarget section */
		131D1A4E1CDB58F0007C9F2A /* MASSDK_Swift */ = {
			isa = PBXNativeTarget;
			buildConfigurationList = 131D1A611CDB58F0007C9F2A /* Build configuration list for PBXNativeTarget "MASSDK_Swift" */;
			buildPhases = (
				6F102F2445E2EF12F72A9307 /* [CP] Check Pods Manifest.lock */,
				131D1A4B1CDB58F0007C9F2A /* Sources */,
				131D1A4C1CDB58F0007C9F2A /* Frameworks */,
				131D1A4D1CDB58F0007C9F2A /* Resources */,
				131D1A951CDB5D8D007C9F2A /* Embed Frameworks */,
				DB0599942A105B3ED78429B4 /* [CP] Embed Pods Frameworks */,
				7ED97E7168BCFC7700A731D3 /* [CP] Copy Pods Resources */,
			);
			buildRules = (
			);
			dependencies = (
			);
			name = MASSDK_Swift;
			productName = MASSDK_Swift;
			productReference = 131D1A4F1CDB58F0007C9F2A /* MASSDK_Swift.app */;
			productType = "com.apple.product-type.application";
		};
/* End PBXNativeTarget section */

/* Begin PBXProject section */
		131D1A471CDB58F0007C9F2A /* Project object */ = {
			isa = PBXProject;
			attributes = {
				LastSwiftUpdateCheck = 0730;
				LastUpgradeCheck = 0820;
				ORGANIZATIONNAME = MasterApp;
				TargetAttributes = {
					131D1A4E1CDB58F0007C9F2A = {
						CreatedOnToolsVersion = 7.3.1;
						DevelopmentTeam = 4WGDATJ3CA;
						LastSwiftMigration = 0820;
						ProvisioningStyle = Manual;
						SystemCapabilities = {
							com.apple.BackgroundModes = {
								enabled = 1;
							};
							com.apple.Maps.iOS = {
								enabled = 0;
							};
							com.apple.Push = {
								enabled = 0;
							};
						};
					};
				};
			};
			buildConfigurationList = 131D1A4A1CDB58F0007C9F2A /* Build configuration list for PBXProject "MASSDK_Swift" */;
			compatibilityVersion = "Xcode 3.2";
			developmentRegion = English;
			hasScannedForEncodings = 0;
			knownRegions = (
				en,
				Base,
			);
			mainGroup = 131D1A461CDB58F0007C9F2A;
			productRefGroup = 131D1A501CDB58F0007C9F2A /* Products */;
			projectDirPath = "";
			projectRoot = "";
			targets = (
				131D1A4E1CDB58F0007C9F2A /* MASSDK_Swift */,
			);
		};
/* End PBXProject section */

/* Begin PBXResourcesBuildPhase section */
		131D1A4D1CDB58F0007C9F2A /* Resources */ = {
			isa = PBXResourcesBuildPhase;
			buildActionMask = 2147483647;
			files = (
				E1D4B4C61E9DDB9300A86C36 /* sound_guitar.wav in Resources */,
				0AF683021E8A972800BDC343 /* sound_fire.wav in Resources */,
				0A9DAFD81E932F8A00012B32 /* sound_violin.wav in Resources */,
				0AF683001E8A972800BDC343 /* sound_washing_machine.wav in Resources */,
				0AD7CD8E1E827D0300839CF8 /* right.mp3 in Resources */,
				0A353F231E938FF50009F8CF /* animal_cow.wav in Resources */,
				0AF6830C1E8A972800BDC343 /* sound_harp.wav in Resources */,
				0AF682F81E8A972800BDC343 /* sound_wipers.wav in Resources */,
				0AF683051E8A972800BDC343 /* sound_rain.wav in Resources */,
				0A9DAFD91E932F8A00012B32 /* sound_xylophone.wav in Resources */,
				0AF683101E8A972800BDC343 /* 3 throat singing.wav in Resources */,
				0A9DAFEF1E938E1600012B32 /* animal_goat.wav in Resources */,
				0AF683081E8A972800BDC343 /* sound_waterfall.wav in Resources */,
				0AF6830F1E8A972800BDC343 /* 3 soothing melody.wav in Resources */,
				0AF683011E8A972800BDC343 /* sound_mom's_heartbeat.wav in Resources */,
				0AF6830E1E8A972800BDC343 /* sound_jukebox.wav in Resources */,
				0A9DAFF31E938E4200012B32 /* animal_horse.wav in Resources */,
				0A9DAFE71E933C8B00012B32 /* animal_sheep.wav in Resources */,
				0A9DAFDD1E93302300012B32 /* sound_train.wav in Resources */,
				0A9DAFED1E938CAC00012B32 /* animal_horse.mp3 in Resources */,
				E1D4B4C51E9DDB9300A86C36 /* sound_wind.wav in Resources */,
				0A9DAFD31E932F1400012B32 /* sound_chimes.wav in Resources */,
				0A9DAFE91E938B9C00012B32 /* animal_hen.wav in Resources */,
				E1D4B4C71E9DDB9300A86C36 /* sound_grandfather_clock.wav in Resources */,
				0AF683061E8A972800BDC343 /* sound_stream.wav in Resources */,
				131D1A5D1CDB58F0007C9F2A /* LaunchScreen.storyboard in Resources */,
				3AFB531F1E3F298100627C8E /* Images.xcassets in Resources */,
				0AF683041E8A972800BDC343 /* sound_forest.wav in Resources */,
				0AF683121E8BAC1E00BDC343 /* sound_dolphin.wav in Resources */,
				0A9DAFD71E932F8A00012B32 /* sound_sax.wav in Resources */,
				0A9DAFE41E933C8B00012B32 /* animal_cat.wav in Resources */,
				0A3EEBAC1E79736F0009706B /* Assets.xcassets in Resources */,
				0AF683071E8A972800BDC343 /* 2 sea waves.wav in Resources */,
				0AF682FC1E8A972800BDC343 /* sound_shower.wav in Resources */,
				0AF6830D1E8A972800BDC343 /* sound_lyre.wav in Resources */,
				0A9DAFDB1E93300900012B32 /* sound_air_conditioning.wav in Resources */,
				0A9DAFDF1E93309300012B32 /* sound_dishwasher.wav in Resources */,
				131D1A581CDB58F0007C9F2A /* Main.storyboard in Resources */,
				0A9DAFEB1E938C3B00012B32 /* animal_goat.mp3 in Resources */,
				0A9DAFF11E938E2D00012B32 /* animal_pig.wav in Resources */,
				0AF682FD1E8A972800BDC343 /* sound_lorry.wav in Resources */,
				0AF683091E8A972800BDC343 /* sound_flute.wav in Resources */,
				0AF682FF1E8A972800BDC343 /* sound_vacuum_cleaner.wav in Resources */,
				0A9DAFE61E933C8B00012B32 /* animal_dog.wav in Resources */,
				0AF682FB1E8A972800BDC343 /* sound_fan.wav in Resources */,
				0AF682FE1E8A972800BDC343 /* sound_white_noise.wav in Resources */,
				0A9DAFE51E933C8B00012B32 /* animal_cock.wav in Resources */,
				0AF6830A1E8A972800BDC343 /* sound_piano.wav in Resources */,
				0AF683031E8A972800BDC343 /* sound_cat_purr.wav in Resources */,
			);
			runOnlyForDeploymentPostprocessing = 0;
		};
/* End PBXResourcesBuildPhase section */

/* Begin PBXShellScriptBuildPhase section */
		6F102F2445E2EF12F72A9307 /* [CP] Check Pods Manifest.lock */ = {
			isa = PBXShellScriptBuildPhase;
			buildActionMask = 2147483647;
			files = (
			);
			inputPaths = (
			);
			name = "[CP] Check Pods Manifest.lock";
			outputPaths = (
			);
			runOnlyForDeploymentPostprocessing = 0;
			shellPath = /bin/sh;
			shellScript = "diff \"${PODS_ROOT}/../Podfile.lock\" \"${PODS_ROOT}/Manifest.lock\" > /dev/null\nif [ $? != 0 ] ; then\n    # print error to STDERR\n    echo \"error: The sandbox is not in sync with the Podfile.lock. Run 'pod install' or update your CocoaPods installation.\" >&2\n    exit 1\nfi\n";
			showEnvVarsInLog = 0;
		};
		7ED97E7168BCFC7700A731D3 /* [CP] Copy Pods Resources */ = {
			isa = PBXShellScriptBuildPhase;
			buildActionMask = 2147483647;
			files = (
			);
			inputPaths = (
			);
			name = "[CP] Copy Pods Resources";
			outputPaths = (
			);
			runOnlyForDeploymentPostprocessing = 0;
			shellPath = /bin/sh;
			shellScript = "\"${SRCROOT}/Pods/Target Support Files/Pods-MASSDK_Swift/Pods-MASSDK_Swift-resources.sh\"\n";
			showEnvVarsInLog = 0;
		};
		DB0599942A105B3ED78429B4 /* [CP] Embed Pods Frameworks */ = {
			isa = PBXShellScriptBuildPhase;
			buildActionMask = 2147483647;
			files = (
			);
			inputPaths = (
			);
			name = "[CP] Embed Pods Frameworks";
			outputPaths = (
			);
			runOnlyForDeploymentPostprocessing = 0;
			shellPath = /bin/sh;
			shellScript = "\"${SRCROOT}/Pods/Target Support Files/Pods-MASSDK_Swift/Pods-MASSDK_Swift-frameworks.sh\"\n";
			showEnvVarsInLog = 0;
		};
/* End PBXShellScriptBuildPhase section */

/* Begin PBXSourcesBuildPhase section */
		131D1A4B1CDB58F0007C9F2A /* Sources */ = {
			isa = PBXSourcesBuildPhase;
			buildActionMask = 2147483647;
			files = (
				0AF683141E8C5E1500BDC343 /* FMDBManager.swift in Sources */,
				3A27F4A21E433A0E008A7F7E /* HomeViewController.swift in Sources */,
				3A27F49C1E433A0E008A7F7E /* AnimalNoisesViewController.swift in Sources */,
				0A3EEBA81E793DF60009706B /* AnimalNoises.swift in Sources */,
				3A27F49D1E433A0E008A7F7E /* BabyModeViewController.swift in Sources */,
				3A27F4A01E433A0E008A7F7E /* BaseViewController.swift in Sources */,
				3A27F49E1E433A0E008A7F7E /* BabyRadioViewController.swift in Sources */,
				3A27F4A11E433A0E008A7F7E /* EventLogViewController.swift in Sources */,
				0AF683171E8C62B200BDC343 /* FMDBManager+Data.swift in Sources */,
				0A3AF9C91E4E3D7200D3FBAD /* AnimalsView.swift in Sources */,
				3AFB52FF1E3F26D700627C8E /* AppDelegate.swift in Sources */,
				0AE18AA71E6FEAE500932FB8 /* RattleModel.swift in Sources */,
				3A9BAEF11E3F7C36000FC640 /* DateExtension.swift in Sources */,
				3A27F4A41E433A0E008A7F7E /* SkyRattleViewController.swift in Sources */,
				0ACB08FA1E782BE700D257D6 /* FloatingItemModel.swift in Sources */,
				3A27F4A31E433A0E008A7F7E /* SideMenuViewController.swift in Sources */,
				0A775F7A1E74B1D2000526DC /* RattleView.swift in Sources */,
				0A3EEBA51E78AD150009706B /* BabyRadioItems.swift in Sources */,
				3A27F4A51E433A0E008A7F7E /* SoundTimerViewController.swift in Sources */,
				0AD0BFF01E6D5CDE0000C1D3 /* BabyTips.swift in Sources */,
				3A9BAEF51E3F9907000FC640 /* EventModel.swift in Sources */,
				3A27F4901E4339D8008A7F7E /* SOXShapedTapView.swift in Sources */,
				0A3AF9CB1E4E43AB00D3FBAD /* Constants.swift in Sources */,
				3A27F49F1E433A0E008A7F7E /* BabyTipsViewController.swift in Sources */,
				E1D4B4CB1E9DDD8A00A86C36 /* Reachability.m in Sources */,
				0A775F761E74A81A000526DC /* RattlesView.swift in Sources */,
				3AFB532B1E3F6F9D00627C8E /* UIImageView+Color.swift in Sources */,
				0A3EEBAA1E7944190009706B /* AnimalNoiseModel.swift in Sources */,
				0AF683191E8C71A800BDC343 /* ParseHelper.swift in Sources */,
				0A3AF9CD1E4E5E2200D3FBAD /* Settings.swift in Sources */,
				0AE18AA91E6FECC400932FB8 /* RattleUtils.swift in Sources */,
				3A27F4A71E433A83008A7F7E /* FloatingImageContentView.swift in Sources */,
				0AD7CD8C1E8274CB00839CF8 /* UIView+Extensions.swift in Sources */,
				0A775F781E74ACA9000526DC /* CommonUtils.swift in Sources */,
				3A9BAEF31E3F9882000FC640 /* EventLogTableViewCell.swift in Sources */,
			);
			runOnlyForDeploymentPostprocessing = 0;
		};
/* End PBXSourcesBuildPhase section */

/* Begin PBXVariantGroup section */
		131D1A561CDB58F0007C9F2A /* Main.storyboard */ = {
			isa = PBXVariantGroup;
			children = (
				131D1A571CDB58F0007C9F2A /* Base */,
			);
			name = Main.storyboard;
			sourceTree = "<group>";
		};
		131D1A5B1CDB58F0007C9F2A /* LaunchScreen.storyboard */ = {
			isa = PBXVariantGroup;
			children = (
				131D1A5C1CDB58F0007C9F2A /* Base */,
			);
			name = LaunchScreen.storyboard;
			sourceTree = "<group>";
		};
/* End PBXVariantGroup section */

/* Begin XCBuildConfiguration section */
		131D1A5F1CDB58F0007C9F2A /* Debug */ = {
			isa = XCBuildConfiguration;
			buildSettings = {
				ALWAYS_SEARCH_USER_PATHS = NO;
				CLANG_ANALYZER_NONNULL = YES;
				CLANG_CXX_LANGUAGE_STANDARD = "gnu++0x";
				CLANG_CXX_LIBRARY = "libc++";
				CLANG_ENABLE_MODULES = YES;
				CLANG_ENABLE_OBJC_ARC = YES;
				CLANG_WARN_BOOL_CONVERSION = YES;
				CLANG_WARN_CONSTANT_CONVERSION = YES;
				CLANG_WARN_DIRECT_OBJC_ISA_USAGE = YES_ERROR;
				CLANG_WARN_EMPTY_BODY = YES;
				CLANG_WARN_ENUM_CONVERSION = YES;
				CLANG_WARN_INFINITE_RECURSION = YES;
				CLANG_WARN_INT_CONVERSION = YES;
				CLANG_WARN_OBJC_ROOT_CLASS = YES_ERROR;
				CLANG_WARN_SUSPICIOUS_MOVE = YES;
				CLANG_WARN_UNREACHABLE_CODE = YES;
				CLANG_WARN__DUPLICATE_METHOD_MATCH = YES;
				CODE_SIGN_IDENTITY = "iPhone Distribution: Chuck  Luther (4WGDATJ3CA)";
				"CODE_SIGN_IDENTITY[sdk=iphoneos*]" = "iPhone Distribution: Chuck  Luther (4WGDATJ3CA)";
				COPY_PHASE_STRIP = NO;
				DEBUG_INFORMATION_FORMAT = dwarf;
				ENABLE_STRICT_OBJC_MSGSEND = YES;
				ENABLE_TESTABILITY = YES;
				GCC_C_LANGUAGE_STANDARD = gnu99;
				GCC_DYNAMIC_NO_PIC = NO;
				GCC_NO_COMMON_BLOCKS = YES;
				GCC_OPTIMIZATION_LEVEL = 0;
				GCC_PREPROCESSOR_DEFINITIONS = (
					"DEBUG=1",
					"$(inherited)",
				);
				GCC_WARN_64_TO_32_BIT_CONVERSION = YES;
				GCC_WARN_ABOUT_RETURN_TYPE = YES_ERROR;
				GCC_WARN_UNDECLARED_SELECTOR = YES;
				GCC_WARN_UNINITIALIZED_AUTOS = YES_AGGRESSIVE;
				GCC_WARN_UNUSED_FUNCTION = YES;
				GCC_WARN_UNUSED_VARIABLE = YES;
				IPHONEOS_DEPLOYMENT_TARGET = 9.3;
				MTL_ENABLE_DEBUG_INFO = YES;
				ONLY_ACTIVE_ARCH = YES;
				SDKROOT = iphoneos;
				SWIFT_OPTIMIZATION_LEVEL = "-Onone";
				TARGETED_DEVICE_FAMILY = "1,2";
			};
			name = Debug;
		};
		131D1A601CDB58F0007C9F2A /* Release */ = {
			isa = XCBuildConfiguration;
			buildSettings = {
				ALWAYS_SEARCH_USER_PATHS = NO;
				CLANG_ANALYZER_NONNULL = YES;
				CLANG_CXX_LANGUAGE_STANDARD = "gnu++0x";
				CLANG_CXX_LIBRARY = "libc++";
				CLANG_ENABLE_MODULES = YES;
				CLANG_ENABLE_OBJC_ARC = YES;
				CLANG_WARN_BOOL_CONVERSION = YES;
				CLANG_WARN_CONSTANT_CONVERSION = YES;
				CLANG_WARN_DIRECT_OBJC_ISA_USAGE = YES_ERROR;
				CLANG_WARN_EMPTY_BODY = YES;
				CLANG_WARN_ENUM_CONVERSION = YES;
				CLANG_WARN_INFINITE_RECURSION = YES;
				CLANG_WARN_INT_CONVERSION = YES;
				CLANG_WARN_OBJC_ROOT_CLASS = YES_ERROR;
				CLANG_WARN_SUSPICIOUS_MOVE = YES;
				CLANG_WARN_UNREACHABLE_CODE = YES;
				CLANG_WARN__DUPLICATE_METHOD_MATCH = YES;
				CODE_SIGN_IDENTITY = "iPhone Distribution: Chuck  Luther (4WGDATJ3CA)";
				"CODE_SIGN_IDENTITY[sdk=iphoneos*]" = "iPhone Distribution: Chuck  Luther (4WGDATJ3CA)";
				COPY_PHASE_STRIP = NO;
				DEBUG_INFORMATION_FORMAT = "dwarf-with-dsym";
				ENABLE_NS_ASSERTIONS = NO;
				ENABLE_STRICT_OBJC_MSGSEND = YES;
				GCC_C_LANGUAGE_STANDARD = gnu99;
				GCC_NO_COMMON_BLOCKS = YES;
				GCC_WARN_64_TO_32_BIT_CONVERSION = YES;
				GCC_WARN_ABOUT_RETURN_TYPE = YES_ERROR;
				GCC_WARN_UNDECLARED_SELECTOR = YES;
				GCC_WARN_UNINITIALIZED_AUTOS = YES_AGGRESSIVE;
				GCC_WARN_UNUSED_FUNCTION = YES;
				GCC_WARN_UNUSED_VARIABLE = YES;
				IPHONEOS_DEPLOYMENT_TARGET = 9.3;
				MTL_ENABLE_DEBUG_INFO = NO;
				SDKROOT = iphoneos;
				SWIFT_OPTIMIZATION_LEVEL = "-Owholemodule";
				TARGETED_DEVICE_FAMILY = "1,2";
				VALIDATE_PRODUCT = YES;
			};
			name = Release;
		};
		131D1A621CDB58F0007C9F2A /* Debug */ = {
			isa = XCBuildConfiguration;
			baseConfigurationReference = 97BC616A5AD9BEAC7086DA22 /* Pods-MASSDK_Swift.debug.xcconfig */;
			buildSettings = {
				ALWAYS_EMBED_SWIFT_STANDARD_LIBRARIES = YES;
				ASSETCATALOG_COMPILER_APPICON_NAME = AppIcon;
				CLANG_ENABLE_MODULES = YES;
				CODE_SIGN_IDENTITY = "iPhone Distribution: Chuck  Luther (4WGDATJ3CA)";
				"CODE_SIGN_IDENTITY[sdk=iphoneos*]" = "iPhone Distribution";
				DEVELOPMENT_TEAM = 4WGDATJ3CA;
				ENABLE_BITCODE = NO;
				FRAMEWORK_SEARCH_PATHS = (
					"$(inherited)",
					"$(PROJECT_DIR)/MASSDK_Swift",
				);
				INFOPLIST_FILE = MASSDK_Swift/Info.plist;
				IPHONEOS_DEPLOYMENT_TARGET = 9.0;
				LD_RUNPATH_SEARCH_PATHS = "$(inherited) @executable_path/Frameworks";
				PRODUCT_BUNDLE_IDENTIFIER = "cz.master.MASSDK-Swift";
				PRODUCT_NAME = "$(TARGET_NAME)";
				PROVISIONING_PROFILE = "6be76d00-16ce-4d42-a8a1-0b964d1068c0";
				PROVISIONING_PROFILE_SPECIFIER = "XC iOS Ad Hoc: cz.master.MASSDK-Swift";
				SWIFT_OBJC_BRIDGING_HEADER = "MASSDK_Swift/Vendor/MASSDK_Swift-Bridging-Header.h";
				SWIFT_OPTIMIZATION_LEVEL = "-Onone";
				SWIFT_VERSION = 3.0;
				TARGETED_DEVICE_FAMILY = 1;
			};
			name = Debug;
		};
		131D1A631CDB58F0007C9F2A /* Release */ = {
			isa = XCBuildConfiguration;
			baseConfigurationReference = 8D525EED754EA1F5B7FB9D13 /* Pods-MASSDK_Swift.release.xcconfig */;
			buildSettings = {
				ALWAYS_EMBED_SWIFT_STANDARD_LIBRARIES = YES;
				ASSETCATALOG_COMPILER_APPICON_NAME = AppIcon;
				CLANG_ENABLE_MODULES = YES;
				CODE_SIGN_IDENTITY = "iPhone Distribution: Chuck  Luther (4WGDATJ3CA)";
				"CODE_SIGN_IDENTITY[sdk=iphoneos*]" = "iPhone Distribution";
				DEVELOPMENT_TEAM = 4WGDATJ3CA;
				ENABLE_BITCODE = NO;
				FRAMEWORK_SEARCH_PATHS = (
					"$(inherited)",
					"$(PROJECT_DIR)/MASSDK_Swift",
				);
				INFOPLIST_FILE = MASSDK_Swift/Info.plist;
				IPHONEOS_DEPLOYMENT_TARGET = 9.0;
				LD_RUNPATH_SEARCH_PATHS = "$(inherited) @executable_path/Frameworks";
				PRODUCT_BUNDLE_IDENTIFIER = "cz.master.MASSDK-Swift";
				PRODUCT_NAME = "$(TARGET_NAME)";
				PROVISIONING_PROFILE = "6be76d00-16ce-4d42-a8a1-0b964d1068c0";
				PROVISIONING_PROFILE_SPECIFIER = "XC iOS Ad Hoc: cz.master.MASSDK-Swift";
				SWIFT_OBJC_BRIDGING_HEADER = "MASSDK_Swift/Vendor/MASSDK_Swift-Bridging-Header.h";
				SWIFT_VERSION = 3.0;
				TARGETED_DEVICE_FAMILY = 1;
			};
			name = Release;
		};
/* End XCBuildConfiguration section */

/* Begin XCConfigurationList section */
		131D1A4A1CDB58F0007C9F2A /* Build configuration list for PBXProject "MASSDK_Swift" */ = {
			isa = XCConfigurationList;
			buildConfigurations = (
				131D1A5F1CDB58F0007C9F2A /* Debug */,
				131D1A601CDB58F0007C9F2A /* Release */,
			);
			defaultConfigurationIsVisible = 0;
			defaultConfigurationName = Release;
		};
		131D1A611CDB58F0007C9F2A /* Build configuration list for PBXNativeTarget "MASSDK_Swift" */ = {
			isa = XCConfigurationList;
			buildConfigurations = (
				131D1A621CDB58F0007C9F2A /* Debug */,
				131D1A631CDB58F0007C9F2A /* Release */,
			);
			defaultConfigurationIsVisible = 0;
			defaultConfigurationName = Release;
		};
/* End XCConfigurationList section */
	};
	rootObject = 131D1A471CDB58F0007C9F2A /* Project object */;
}
