// !$*UTF8*$!
{
	archiveVersion = 1;
	classes = {
	};
	objectVersion = 46;
	objects = {

/* Begin PBXBuildFile section */
		05BD09AD9E433C84FCB432D4 /* Pods_Alarm_For_Children.framework in Frameworks */ = {isa = PBXBuildFile; fileRef = 0F4B38F0170A746260D0FE94 /* Pods_Alarm_For_Children.framework */; };
		3A21DB591E36F6A900AE46F7 /* AppDelegate.swift in Sources */ = {isa = PBXBuildFile; fileRef = 3A21DB531E36F6A900AE46F7 /* AppDelegate.swift */; };
		3A21DB5C1E36F6DF00AE46F7 /* BaseViewController.swift in Sources */ = {isa = PBXBuildFile; fileRef = 3A21DB5B1E36F6DF00AE46F7 /* BaseViewController.swift */; };
		3A21DB5F1E36F70600AE46F7 /* HomeViewController.swift in Sources */ = {isa = PBXBuildFile; fileRef = 3A21DB5E1E36F70600AE46F7 /* HomeViewController.swift */; };
		3A21DB611E36F71200AE46F7 /* SideMenuViewController.swift in Sources */ = {isa = PBXBuildFile; fileRef = 3A21DB601E36F71200AE46F7 /* SideMenuViewController.swift */; };
		3A21DB641E36FB0000AE46F7 /* Assets.xcassets in Resources */ = {isa = PBXBuildFile; fileRef = 3A21DB631E36FB0000AE46F7 /* Assets.xcassets */; };
		3A21DB661E36FB3600AE46F7 /* Images.xcassets in Resources */ = {isa = PBXBuildFile; fileRef = 3A21DB651E36FB3600AE46F7 /* Images.xcassets */; };
		3A21DB681E36FE0000AE46F7 /* FloatingImageContentView.swift in Sources */ = {isa = PBXBuildFile; fileRef = 3A21DB671E36FE0000AE46F7 /* FloatingImageContentView.swift */; };
		3A34FEBE1E3EE5CC004001BE /* MASSDK.framework in Frameworks */ = {isa = PBXBuildFile; fileRef = 3A34FEBD1E3EE5CC004001BE /* MASSDK.framework */; };
		3A34FEBF1E3EE5D8004001BE /* MASSDK.framework in Frameworks */ = {isa = PBXBuildFile; fileRef = 3A34FEBD1E3EE5CC004001BE /* MASSDK.framework */; };
		3A34FEC01E3EE5D8004001BE /* MASSDK.framework in Embed Frameworks */ = {isa = PBXBuildFile; fileRef = 3A34FEBD1E3EE5CC004001BE /* MASSDK.framework */; settings = {ATTRIBUTES = (CodeSignOnCopy, RemoveHeadersOnCopy, ); }; };
		3A3884B61E37543200689D73 /* SOXShapedTapView.swift in Sources */ = {isa = PBXBuildFile; fileRef = 3A3884B51E37543200689D73 /* SOXShapedTapView.swift */; };
		3A5C20D61E379D6300DF05E7 /* SWRevealViewController.m in Sources */ = {isa = PBXBuildFile; fileRef = 3A5C20D51E379D6300DF05E7 /* SWRevealViewController.m */; };
		3AA5B1141E37FD3A002E755E /* Constants.swift in Sources */ = {isa = PBXBuildFile; fileRef = 3AA5B1131E37FD3A002E755E /* Constants.swift */; };
		3AA5B1161E38213F002E755E /* BabyRadioViewController.swift in Sources */ = {isa = PBXBuildFile; fileRef = 3AA5B1151E38213F002E755E /* BabyRadioViewController.swift */; };
		3AA5B1181E38215A002E755E /* SoundTimerViewController.swift in Sources */ = {isa = PBXBuildFile; fileRef = 3AA5B1171E38215A002E755E /* SoundTimerViewController.swift */; };
		3AA5B11B1E3821FA002E755E /* BabyModeViewController.swift in Sources */ = {isa = PBXBuildFile; fileRef = 3AA5B11A1E3821FA002E755E /* BabyModeViewController.swift */; };
		3AA5B11E1E382222002E755E /* EventLogViewController.swift in Sources */ = {isa = PBXBuildFile; fileRef = 3AA5B11D1E382222002E755E /* EventLogViewController.swift */; };
		3AA5B1211E382251002E755E /* BabyTipsViewController.swift in Sources */ = {isa = PBXBuildFile; fileRef = 3AA5B1201E382251002E755E /* BabyTipsViewController.swift */; };
		3AA5B1241E382274002E755E /* SkyRattleViewController.swift in Sources */ = {isa = PBXBuildFile; fileRef = 3AA5B1231E382274002E755E /* SkyRattleViewController.swift */; };
		3AA5B1271E38228F002E755E /* AnimalNoisesViewController.swift in Sources */ = {isa = PBXBuildFile; fileRef = 3AA5B1261E38228F002E755E /* AnimalNoisesViewController.swift */; };
/* End PBXBuildFile section */

/* Begin PBXCopyFilesBuildPhase section */
		3A72BC431E3EE4A7004F4280 /* Embed Frameworks */ = {
			isa = PBXCopyFilesBuildPhase;
			buildActionMask = 2147483647;
			dstPath = "";
			dstSubfolderSpec = 10;
			files = (
				3A34FEC01E3EE5D8004001BE /* MASSDK.framework in Embed Frameworks */,
			);
			name = "Embed Frameworks";
			runOnlyForDeploymentPostprocessing = 0;
		};
/* End PBXCopyFilesBuildPhase section */

/* Begin PBXFileReference section */
		0F4B38F0170A746260D0FE94 /* Pods_Alarm_For_Children.framework */ = {isa = PBXFileReference; explicitFileType = wrapper.framework; includeInIndex = 0; path = Pods_Alarm_For_Children.framework; sourceTree = BUILT_PRODUCTS_DIR; };
		3396C4FA4C800AB923ACCB2A /* Pods-Alarm For Children.release.xcconfig */ = {isa = PBXFileReference; includeInIndex = 1; lastKnownFileType = text.xcconfig; name = "Pods-Alarm For Children.release.xcconfig"; path = "Pods/Target Support Files/Pods-Alarm For Children/Pods-Alarm For Children.release.xcconfig"; sourceTree = "<group>"; };
		3A21DB3D1E36EC2700AE46F7 /* Alarm For Children.app */ = {isa = PBXFileReference; explicitFileType = wrapper.application; includeInIndex = 0; path = "Alarm For Children.app"; sourceTree = BUILT_PRODUCTS_DIR; };
		3A21DB451E36EC2700AE46F7 /* Base */ = {isa = PBXFileReference; lastKnownFileType = file.storyboard; name = Base; path = Base.lproj/Main.storyboard; sourceTree = "<group>"; };
		3A21DB4A1E36EC2700AE46F7 /* Base */ = {isa = PBXFileReference; lastKnownFileType = file.storyboard; name = Base; path = Base.lproj/LaunchScreen.storyboard; sourceTree = "<group>"; };
		3A21DB4C1E36EC2700AE46F7 /* Info.plist */ = {isa = PBXFileReference; lastKnownFileType = text.plist.xml; path = Info.plist; sourceTree = "<group>"; };
		3A21DB531E36F6A900AE46F7 /* AppDelegate.swift */ = {isa = PBXFileReference; fileEncoding = 4; lastKnownFileType = sourcecode.swift; path = AppDelegate.swift; sourceTree = "<group>"; };
		3A21DB5B1E36F6DF00AE46F7 /* BaseViewController.swift */ = {isa = PBXFileReference; fileEncoding = 4; lastKnownFileType = sourcecode.swift; path = BaseViewController.swift; sourceTree = "<group>"; };
		3A21DB5E1E36F70600AE46F7 /* HomeViewController.swift */ = {isa = PBXFileReference; fileEncoding = 4; lastKnownFileType = sourcecode.swift; path = HomeViewController.swift; sourceTree = "<group>"; };
		3A21DB601E36F71200AE46F7 /* SideMenuViewController.swift */ = {isa = PBXFileReference; fileEncoding = 4; lastKnownFileType = sourcecode.swift; path = SideMenuViewController.swift; sourceTree = "<group>"; };
		3A21DB631E36FB0000AE46F7 /* Assets.xcassets */ = {isa = PBXFileReference; lastKnownFileType = folder.assetcatalog; path = Assets.xcassets; sourceTree = "<group>"; };
		3A21DB651E36FB3600AE46F7 /* Images.xcassets */ = {isa = PBXFileReference; lastKnownFileType = folder.assetcatalog; path = Images.xcassets; sourceTree = "<group>"; };
		3A21DB671E36FE0000AE46F7 /* FloatingImageContentView.swift */ = {isa = PBXFileReference; fileEncoding = 4; lastKnownFileType = sourcecode.swift; path = FloatingImageContentView.swift; sourceTree = "<group>"; };
		3A34FEBD1E3EE5CC004001BE /* MASSDK.framework */ = {isa = PBXFileReference; lastKnownFileType = wrapper.framework; path = MASSDK.framework; sourceTree = "<group>"; };
		3A3884B51E37543200689D73 /* SOXShapedTapView.swift */ = {isa = PBXFileReference; fileEncoding = 4; lastKnownFileType = sourcecode.swift; path = SOXShapedTapView.swift; sourceTree = "<group>"; };
		3A5C20D31E379D6300DF05E7 /* Alarm For Children-Bridging-Header.h */ = {isa = PBXFileReference; lastKnownFileType = sourcecode.c.h; name = "Alarm For Children-Bridging-Header.h"; path = "Vender/Alarm For Children-Bridging-Header.h"; sourceTree = "<group>"; };
		3A5C20D41E379D6300DF05E7 /* SWRevealViewController.h */ = {isa = PBXFileReference; fileEncoding = 4; lastKnownFileType = sourcecode.c.h; path = SWRevealViewController.h; sourceTree = "<group>"; };
		3A5C20D51E379D6300DF05E7 /* SWRevealViewController.m */ = {isa = PBXFileReference; fileEncoding = 4; lastKnownFileType = sourcecode.c.objc; path = SWRevealViewController.m; sourceTree = "<group>"; };
		3AA5B1131E37FD3A002E755E /* Constants.swift */ = {isa = PBXFileReference; fileEncoding = 4; lastKnownFileType = sourcecode.swift; path = Constants.swift; sourceTree = "<group>"; };
		3AA5B1151E38213F002E755E /* BabyRadioViewController.swift */ = {isa = PBXFileReference; fileEncoding = 4; lastKnownFileType = sourcecode.swift; path = BabyRadioViewController.swift; sourceTree = "<group>"; };
		3AA5B1171E38215A002E755E /* SoundTimerViewController.swift */ = {isa = PBXFileReference; fileEncoding = 4; lastKnownFileType = sourcecode.swift; path = SoundTimerViewController.swift; sourceTree = "<group>"; };
		3AA5B11A1E3821FA002E755E /* BabyModeViewController.swift */ = {isa = PBXFileReference; fileEncoding = 4; lastKnownFileType = sourcecode.swift; path = BabyModeViewController.swift; sourceTree = "<group>"; };
		3AA5B11D1E382222002E755E /* EventLogViewController.swift */ = {isa = PBXFileReference; fileEncoding = 4; lastKnownFileType = sourcecode.swift; path = EventLogViewController.swift; sourceTree = "<group>"; };
		3AA5B1201E382251002E755E /* BabyTipsViewController.swift */ = {isa = PBXFileReference; fileEncoding = 4; lastKnownFileType = sourcecode.swift; path = BabyTipsViewController.swift; sourceTree = "<group>"; };
		3AA5B1231E382274002E755E /* SkyRattleViewController.swift */ = {isa = PBXFileReference; fileEncoding = 4; lastKnownFileType = sourcecode.swift; path = SkyRattleViewController.swift; sourceTree = "<group>"; };
		3AA5B1261E38228F002E755E /* AnimalNoisesViewController.swift */ = {isa = PBXFileReference; fileEncoding = 4; lastKnownFileType = sourcecode.swift; path = AnimalNoisesViewController.swift; sourceTree = "<group>"; };
		A4ED7C4FC46D96AF19D009B6 /* Pods-Alarm For Children.debug.xcconfig */ = {isa = PBXFileReference; includeInIndex = 1; lastKnownFileType = text.xcconfig; name = "Pods-Alarm For Children.debug.xcconfig"; path = "Pods/Target Support Files/Pods-Alarm For Children/Pods-Alarm For Children.debug.xcconfig"; sourceTree = "<group>"; };
/* End PBXFileReference section */

/* Begin PBXFrameworksBuildPhase section */
		3A21DB3A1E36EC2700AE46F7 /* Frameworks */ = {
			isa = PBXFrameworksBuildPhase;
			buildActionMask = 2147483647;
			files = (
				05BD09AD9E433C84FCB432D4 /* Pods_Alarm_For_Children.framework in Frameworks */,
				3A34FEBE1E3EE5CC004001BE /* MASSDK.framework in Frameworks */,
				3A34FEBF1E3EE5D8004001BE /* MASSDK.framework in Frameworks */,
			);
			runOnlyForDeploymentPostprocessing = 0;
		};
/* End PBXFrameworksBuildPhase section */

/* Begin PBXGroup section */
		3A21DB341E36EC2700AE46F7 = {
			isa = PBXGroup;
			children = (
				3A34FEBC1E3EE5CC004001BE /* Frameworks */,
				3A21DB3F1E36EC2700AE46F7 /* Alarm For Children */,
				3A21DB3E1E36EC2700AE46F7 /* Products */,
				B3972B448EC2E9D7AA3C9324 /* Pods */,
				A052401658376D670FB713C4 /* Frameworks */,
			);
			sourceTree = "<group>";
		};
		3A21DB3E1E36EC2700AE46F7 /* Products */ = {
			isa = PBXGroup;
			children = (
				3A21DB3D1E36EC2700AE46F7 /* Alarm For Children.app */,
			);
			name = Products;
			sourceTree = "<group>";
		};
		3A21DB3F1E36EC2700AE46F7 /* Alarm For Children */ = {
			isa = PBXGroup;
			children = (
				3A21DB521E36F6A900AE46F7 /* Application */,
				3A21DB5A1E36F6BC00AE46F7 /* Base.lproj */,
				3A21DB551E36F6A900AE46F7 /* Model */,
				3A21DB581E36F6A900AE46F7 /* View */,
				3A21DB541E36F6A900AE46F7 /* Controller */,
				3A21DB561E36F6A900AE46F7 /* Utils */,
				3A21DB571E36F6A900AE46F7 /* Vender */,
				3A21DB4C1E36EC2700AE46F7 /* Info.plist */,
				3A5C20D31E379D6300DF05E7 /* Alarm For Children-Bridging-Header.h */,
				3A21DB621E36FB0000AE46F7 /* Resource */,
			);
			path = "Alarm For Children";
			sourceTree = "<group>";
		};
		3A21DB521E36F6A900AE46F7 /* Application */ = {
			isa = PBXGroup;
			children = (
				3A21DB531E36F6A900AE46F7 /* AppDelegate.swift */,
			);
			path = Application;
			sourceTree = "<group>";
		};
		3A21DB541E36F6A900AE46F7 /* Controller */ = {
			isa = PBXGroup;
			children = (
				3A21DB5B1E36F6DF00AE46F7 /* BaseViewController.swift */,
				3A21DB5D1E36F6E800AE46F7 /* Home */,
				3A5C20D21E37983F00DF05E7 /* Baby Status */,
				3AA5B1191E3821BB002E755E /* Baby Mode */,
				3AA5B11C1E38220E002E755E /* Event Log */,
				3AA5B11F1E382239002E755E /* Baby Tips */,
				3AA5B1221E382257002E755E /* Sky Rattle */,
				3AA5B1251E382278002E755E /* Animal Noises */,
			);
			path = Controller;
			sourceTree = "<group>";
		};
		3A21DB551E36F6A900AE46F7 /* Model */ = {
			isa = PBXGroup;
			children = (
			);
			path = Model;
			sourceTree = "<group>";
		};
		3A21DB561E36F6A900AE46F7 /* Utils */ = {
			isa = PBXGroup;
			children = (
				3AA5B1131E37FD3A002E755E /* Constants.swift */,
			);
			path = Utils;
			sourceTree = "<group>";
		};
		3A21DB571E36F6A900AE46F7 /* Vender */ = {
			isa = PBXGroup;
			children = (
				3A5C20D81E379DA900DF05E7 /* ShapeTapView */,
				3A5C20D71E379D9200DF05E7 /* SlideMenu */,
			);
			path = Vender;
			sourceTree = "<group>";
		};
		3A21DB581E36F6A900AE46F7 /* View */ = {
			isa = PBXGroup;
			children = (
				3A21DB671E36FE0000AE46F7 /* FloatingImageContentView.swift */,
			);
			path = View;
			sourceTree = "<group>";
		};
		3A21DB5A1E36F6BC00AE46F7 /* Base.lproj */ = {
			isa = PBXGroup;
			children = (
				3A21DB441E36EC2700AE46F7 /* Main.storyboard */,
				3A21DB491E36EC2700AE46F7 /* LaunchScreen.storyboard */,
			);
			name = Base.lproj;
			sourceTree = "<group>";
		};
		3A21DB5D1E36F6E800AE46F7 /* Home */ = {
			isa = PBXGroup;
			children = (
				3A21DB5E1E36F70600AE46F7 /* HomeViewController.swift */,
				3A21DB601E36F71200AE46F7 /* SideMenuViewController.swift */,
			);
			name = Home;
			sourceTree = "<group>";
		};
		3A21DB621E36FB0000AE46F7 /* Resource */ = {
			isa = PBXGroup;
			children = (
				3A21DB631E36FB0000AE46F7 /* Assets.xcassets */,
				3A21DB651E36FB3600AE46F7 /* Images.xcassets */,
			);
			path = Resource;
			sourceTree = "<group>";
		};
		3A34FEBC1E3EE5CC004001BE /* Frameworks */ = {
			isa = PBXGroup;
			children = (
				3A34FEBD1E3EE5CC004001BE /* MASSDK.framework */,
			);
			path = Frameworks;
			sourceTree = "<group>";
		};
		3A5C20D21E37983F00DF05E7 /* Baby Status */ = {
			isa = PBXGroup;
			children = (
				3AA5B1151E38213F002E755E /* BabyRadioViewController.swift */,
				3AA5B1171E38215A002E755E /* SoundTimerViewController.swift */,
			);
			name = "Baby Status";
			sourceTree = "<group>";
		};
		3A5C20D71E379D9200DF05E7 /* SlideMenu */ = {
			isa = PBXGroup;
			children = (
				3A5C20D41E379D6300DF05E7 /* SWRevealViewController.h */,
				3A5C20D51E379D6300DF05E7 /* SWRevealViewController.m */,
			);
			name = SlideMenu;
			sourceTree = "<group>";
		};
		3A5C20D81E379DA900DF05E7 /* ShapeTapView */ = {
			isa = PBXGroup;
			children = (
				3A3884B51E37543200689D73 /* SOXShapedTapView.swift */,
			);
			name = ShapeTapView;
			sourceTree = "<group>";
		};
		3AA5B1191E3821BB002E755E /* Baby Mode */ = {
			isa = PBXGroup;
			children = (
				3AA5B11A1E3821FA002E755E /* BabyModeViewController.swift */,
			);
			name = "Baby Mode";
			sourceTree = "<group>";
		};
		3AA5B11C1E38220E002E755E /* Event Log */ = {
			isa = PBXGroup;
			children = (
				3AA5B11D1E382222002E755E /* EventLogViewController.swift */,
			);
			name = "Event Log";
			sourceTree = "<group>";
		};
		3AA5B11F1E382239002E755E /* Baby Tips */ = {
			isa = PBXGroup;
			children = (
				3AA5B1201E382251002E755E /* BabyTipsViewController.swift */,
			);
			name = "Baby Tips";
			sourceTree = "<group>";
		};
		3AA5B1221E382257002E755E /* Sky Rattle */ = {
			isa = PBXGroup;
			children = (
				3AA5B1231E382274002E755E /* SkyRattleViewController.swift */,
			);
			name = "Sky Rattle";
			sourceTree = "<group>";
		};
		3AA5B1251E382278002E755E /* Animal Noises */ = {
			isa = PBXGroup;
			children = (
				3AA5B1261E38228F002E755E /* AnimalNoisesViewController.swift */,
			);
			name = "Animal Noises";
			sourceTree = "<group>";
		};
		A052401658376D670FB713C4 /* Frameworks */ = {
			isa = PBXGroup;
			children = (
				0F4B38F0170A746260D0FE94 /* Pods_Alarm_For_Children.framework */,
			);
			name = Frameworks;
			sourceTree = "<group>";
		};
		B3972B448EC2E9D7AA3C9324 /* Pods */ = {
			isa = PBXGroup;
			children = (
				A4ED7C4FC46D96AF19D009B6 /* Pods-Alarm For Children.debug.xcconfig */,
				3396C4FA4C800AB923ACCB2A /* Pods-Alarm For Children.release.xcconfig */,
			);
			name = Pods;
			sourceTree = "<group>";
		};
/* End PBXGroup section */

/* Begin PBXNativeTarget section */
		3A21DB3C1E36EC2700AE46F7 /* Alarm For Children */ = {
			isa = PBXNativeTarget;
			buildConfigurationList = 3A21DB4F1E36EC2700AE46F7 /* Build configuration list for PBXNativeTarget "Alarm For Children" */;
			buildPhases = (
				0A3B07493F48678B7978A0D3 /* [CP] Check Pods Manifest.lock */,
				3A21DB391E36EC2700AE46F7 /* Sources */,
				3A21DB3A1E36EC2700AE46F7 /* Frameworks */,
				3A21DB3B1E36EC2700AE46F7 /* Resources */,
				7E296838412DA8A1C7389533 /* [CP] Embed Pods Frameworks */,
				75A093FD1B982AFA520C9317 /* [CP] Copy Pods Resources */,
				3A72BC431E3EE4A7004F4280 /* Embed Frameworks */,
			);
			buildRules = (
			);
			dependencies = (
			);
			name = "Alarm For Children";
			productName = "Alarm For Children";
			productReference = 3A21DB3D1E36EC2700AE46F7 /* Alarm For Children.app */;
			productType = "com.apple.product-type.application";
		};
/* End PBXNativeTarget section */

/* Begin PBXProject section */
		3A21DB351E36EC2700AE46F7 /* Project object */ = {
			isa = PBXProject;
			attributes = {
				LastSwiftUpdateCheck = 0820;
				LastUpgradeCheck = 0820;
				ORGANIZATIONNAME = Huijing;
				TargetAttributes = {
					3A21DB3C1E36EC2700AE46F7 = {
						CreatedOnToolsVersion = 8.2.1;
						DevelopmentTeam = 4WGDATJ3CA;
						LastSwiftMigration = 0820;
						ProvisioningStyle = Automatic;
					};
				};
			};
			buildConfigurationList = 3A21DB381E36EC2700AE46F7 /* Build configuration list for PBXProject "Alarm For Children" */;
			compatibilityVersion = "Xcode 3.2";
			developmentRegion = English;
			hasScannedForEncodings = 0;
			knownRegions = (
				en,
				Base,
			);
			mainGroup = 3A21DB341E36EC2700AE46F7;
			productRefGroup = 3A21DB3E1E36EC2700AE46F7 /* Products */;
			projectDirPath = "";
			projectRoot = "";
			targets = (
				3A21DB3C1E36EC2700AE46F7 /* Alarm For Children */,
			);
		};
/* End PBXProject section */

/* Begin PBXResourcesBuildPhase section */
		3A21DB3B1E36EC2700AE46F7 /* Resources */ = {
			isa = PBXResourcesBuildPhase;
			buildActionMask = 2147483647;
			files = (
				3A21DB641E36FB0000AE46F7 /* Assets.xcassets in Resources */,
				3A21DB661E36FB3600AE46F7 /* Images.xcassets in Resources */,
			);
			runOnlyForDeploymentPostprocessing = 0;
		};
/* End PBXResourcesBuildPhase section */

/* Begin PBXShellScriptBuildPhase section */
		0A3B07493F48678B7978A0D3 /* [CP] Check Pods Manifest.lock */ = {
			isa = PBXShellScriptBuildPhase;
			buildActionMask = 2147483647;
			files = (
			);
			inputPaths = (
			);
			name = "[CP] Check Pods Manifest.lock";
			outputPaths = (
			);
			runOnlyForDeploymentPostprocessing = 0;
			shellPath = /bin/sh;
			shellScript = "diff \"${PODS_ROOT}/../Podfile.lock\" \"${PODS_ROOT}/Manifest.lock\" > /dev/null\nif [ $? != 0 ] ; then\n    # print error to STDERR\n    echo \"error: The sandbox is not in sync with the Podfile.lock. Run 'pod install' or update your CocoaPods installation.\" >&2\n    exit 1\nfi\n";
			showEnvVarsInLog = 0;
		};
		75A093FD1B982AFA520C9317 /* [CP] Copy Pods Resources */ = {
			isa = PBXShellScriptBuildPhase;
			buildActionMask = 2147483647;
			files = (
			);
			inputPaths = (
			);
			name = "[CP] Copy Pods Resources";
			outputPaths = (
			);
			runOnlyForDeploymentPostprocessing = 0;
			shellPath = /bin/sh;
			shellScript = "\"${SRCROOT}/Pods/Target Support Files/Pods-Alarm For Children/Pods-Alarm For Children-resources.sh\"\n";
			showEnvVarsInLog = 0;
		};
		7E296838412DA8A1C7389533 /* [CP] Embed Pods Frameworks */ = {
			isa = PBXShellScriptBuildPhase;
			buildActionMask = 2147483647;
			files = (
			);
			inputPaths = (
			);
			name = "[CP] Embed Pods Frameworks";
			outputPaths = (
			);
			runOnlyForDeploymentPostprocessing = 0;
			shellPath = /bin/sh;
			shellScript = "\"${SRCROOT}/Pods/Target Support Files/Pods-Alarm For Children/Pods-Alarm For Children-frameworks.sh\"\n";
			showEnvVarsInLog = 0;
		};
/* End PBXShellScriptBuildPhase section */

/* Begin PBXSourcesBuildPhase section */
		3A21DB391E36EC2700AE46F7 /* Sources */ = {
			isa = PBXSourcesBuildPhase;
			buildActionMask = 2147483647;
			files = (
				3AA5B1241E382274002E755E /* SkyRattleViewController.swift in Sources */,
				3A5C20D61E379D6300DF05E7 /* SWRevealViewController.m in Sources */,
				3AA5B11B1E3821FA002E755E /* BabyModeViewController.swift in Sources */,
				3A3884B61E37543200689D73 /* SOXShapedTapView.swift in Sources */,
				3A21DB611E36F71200AE46F7 /* SideMenuViewController.swift in Sources */,
				3A21DB681E36FE0000AE46F7 /* FloatingImageContentView.swift in Sources */,
				3AA5B1211E382251002E755E /* BabyTipsViewController.swift in Sources */,
				3A21DB591E36F6A900AE46F7 /* AppDelegate.swift in Sources */,
				3A21DB5C1E36F6DF00AE46F7 /* BaseViewController.swift in Sources */,
				3AA5B1181E38215A002E755E /* SoundTimerViewController.swift in Sources */,
				3AA5B1161E38213F002E755E /* BabyRadioViewController.swift in Sources */,
				3A21DB5F1E36F70600AE46F7 /* HomeViewController.swift in Sources */,
				3AA5B11E1E382222002E755E /* EventLogViewController.swift in Sources */,
				3AA5B1271E38228F002E755E /* AnimalNoisesViewController.swift in Sources */,
				3AA5B1141E37FD3A002E755E /* Constants.swift in Sources */,
			);
			runOnlyForDeploymentPostprocessing = 0;
		};
/* End PBXSourcesBuildPhase section */

/* Begin PBXVariantGroup section */
		3A21DB441E36EC2700AE46F7 /* Main.storyboard */ = {
			isa = PBXVariantGroup;
			children = (
				3A21DB451E36EC2700AE46F7 /* Base */,
			);
			name = Main.storyboard;
			sourceTree = "<group>";
		};
		3A21DB491E36EC2700AE46F7 /* LaunchScreen.storyboard */ = {
			isa = PBXVariantGroup;
			children = (
				3A21DB4A1E36EC2700AE46F7 /* Base */,
			);
			name = LaunchScreen.storyboard;
			sourceTree = "<group>";
		};
/* End PBXVariantGroup section */

/* Begin XCBuildConfiguration section */
		3A21DB4D1E36EC2700AE46F7 /* Debug */ = {
			isa = XCBuildConfiguration;
			buildSettings = {
				ALWAYS_SEARCH_USER_PATHS = NO;
				CLANG_ANALYZER_NONNULL = YES;
				CLANG_CXX_LANGUAGE_STANDARD = "gnu++0x";
				CLANG_CXX_LIBRARY = "libc++";
				CLANG_ENABLE_MODULES = YES;
				CLANG_ENABLE_OBJC_ARC = YES;
				CLANG_WARN_BOOL_CONVERSION = YES;
				CLANG_WARN_CONSTANT_CONVERSION = YES;
				CLANG_WARN_DIRECT_OBJC_ISA_USAGE = YES_ERROR;
				CLANG_WARN_DOCUMENTATION_COMMENTS = YES;
				CLANG_WARN_EMPTY_BODY = YES;
				CLANG_WARN_ENUM_CONVERSION = YES;
				CLANG_WARN_INFINITE_RECURSION = YES;
				CLANG_WARN_INT_CONVERSION = YES;
				CLANG_WARN_OBJC_ROOT_CLASS = YES_ERROR;
				CLANG_WARN_SUSPICIOUS_MOVE = YES;
				CLANG_WARN_UNREACHABLE_CODE = YES;
				CLANG_WARN__DUPLICATE_METHOD_MATCH = YES;
				"CODE_SIGN_IDENTITY[sdk=iphoneos*]" = "iPhone Developer";
				COPY_PHASE_STRIP = NO;
				DEBUG_INFORMATION_FORMAT = dwarf;
				ENABLE_STRICT_OBJC_MSGSEND = YES;
				ENABLE_TESTABILITY = YES;
				GCC_C_LANGUAGE_STANDARD = gnu99;
				GCC_DYNAMIC_NO_PIC = NO;
				GCC_NO_COMMON_BLOCKS = YES;
				GCC_OPTIMIZATION_LEVEL = 0;
				GCC_PREPROCESSOR_DEFINITIONS = (
					"DEBUG=1",
					"$(inherited)",
				);
				GCC_WARN_64_TO_32_BIT_CONVERSION = YES;
				GCC_WARN_ABOUT_RETURN_TYPE = YES_ERROR;
				GCC_WARN_UNDECLARED_SELECTOR = YES;
				GCC_WARN_UNINITIALIZED_AUTOS = YES_AGGRESSIVE;
				GCC_WARN_UNUSED_FUNCTION = YES;
				GCC_WARN_UNUSED_VARIABLE = YES;
				IPHONEOS_DEPLOYMENT_TARGET = 10.2;
				MTL_ENABLE_DEBUG_INFO = YES;
				ONLY_ACTIVE_ARCH = YES;
				SDKROOT = iphoneos;
				SWIFT_ACTIVE_COMPILATION_CONDITIONS = DEBUG;
				SWIFT_OPTIMIZATION_LEVEL = "-Onone";
			};
			name = Debug;
		};
		3A21DB4E1E36EC2700AE46F7 /* Release */ = {
			isa = XCBuildConfiguration;
			buildSettings = {
				ALWAYS_SEARCH_USER_PATHS = NO;
				CLANG_ANALYZER_NONNULL = YES;
				CLANG_CXX_LANGUAGE_STANDARD = "gnu++0x";
				CLANG_CXX_LIBRARY = "libc++";
				CLANG_ENABLE_MODULES = YES;
				CLANG_ENABLE_OBJC_ARC = YES;
				CLANG_WARN_BOOL_CONVERSION = YES;
				CLANG_WARN_CONSTANT_CONVERSION = YES;
				CLANG_WARN_DIRECT_OBJC_ISA_USAGE = YES_ERROR;
				CLANG_WARN_DOCUMENTATION_COMMENTS = YES;
				CLANG_WARN_EMPTY_BODY = YES;
				CLANG_WARN_ENUM_CONVERSION = YES;
				CLANG_WARN_INFINITE_RECURSION = YES;
				CLANG_WARN_INT_CONVERSION = YES;
				CLANG_WARN_OBJC_ROOT_CLASS = YES_ERROR;
				CLANG_WARN_SUSPICIOUS_MOVE = YES;
				CLANG_WARN_UNREACHABLE_CODE = YES;
				CLANG_WARN__DUPLICATE_METHOD_MATCH = YES;
				"CODE_SIGN_IDENTITY[sdk=iphoneos*]" = "iPhone Developer";
				COPY_PHASE_STRIP = NO;
				DEBUG_INFORMATION_FORMAT = "dwarf-with-dsym";
				ENABLE_NS_ASSERTIONS = NO;
				ENABLE_STRICT_OBJC_MSGSEND = YES;
				GCC_C_LANGUAGE_STANDARD = gnu99;
				GCC_NO_COMMON_BLOCKS = YES;
				GCC_WARN_64_TO_32_BIT_CONVERSION = YES;
				GCC_WARN_ABOUT_RETURN_TYPE = YES_ERROR;
				GCC_WARN_UNDECLARED_SELECTOR = YES;
				GCC_WARN_UNINITIALIZED_AUTOS = YES_AGGRESSIVE;
				GCC_WARN_UNUSED_FUNCTION = YES;
				GCC_WARN_UNUSED_VARIABLE = YES;
				IPHONEOS_DEPLOYMENT_TARGET = 10.2;
				MTL_ENABLE_DEBUG_INFO = NO;
				SDKROOT = iphoneos;
				SWIFT_OPTIMIZATION_LEVEL = "-Owholemodule";
				VALIDATE_PRODUCT = YES;
			};
			name = Release;
		};
		3A21DB501E36EC2700AE46F7 /* Debug */ = {
			isa = XCBuildConfiguration;
			baseConfigurationReference = A4ED7C4FC46D96AF19D009B6 /* Pods-Alarm For Children.debug.xcconfig */;
			buildSettings = {
				ASSETCATALOG_COMPILER_APPICON_NAME = AppIcon;
				CLANG_ENABLE_MODULES = YES;
				DEVELOPMENT_TEAM = 4WGDATJ3CA;
				FRAMEWORK_SEARCH_PATHS = (
					"$(inherited)",
					"$(PROJECT_DIR)/Frameworks",
					"$(PROJECT_DIR)/MASSDK_Swift3",
				);
				INFOPLIST_FILE = "Alarm For Children/Info.plist";
				IPHONEOS_DEPLOYMENT_TARGET = 9.3;
				LD_RUNPATH_SEARCH_PATHS = "$(inherited) @executable_path/Frameworks";
				PRODUCT_BUNDLE_IDENTIFIER = "com.shark.Alarm-For-Children";
				PRODUCT_NAME = "$(TARGET_NAME)";
				SWIFT_OBJC_BRIDGING_HEADER = "Alarm For Children/Vender/Alarm For Children-Bridging-Header.h";
				SWIFT_OPTIMIZATION_LEVEL = "-Onone";
				SWIFT_VERSION = 3.0;
			};
			name = Debug;
		};
		3A21DB511E36EC2700AE46F7 /* Release */ = {
			isa = XCBuildConfiguration;
			baseConfigurationReference = 3396C4FA4C800AB923ACCB2A /* Pods-Alarm For Children.release.xcconfig */;
			buildSettings = {
				ASSETCATALOG_COMPILER_APPICON_NAME = AppIcon;
				CLANG_ENABLE_MODULES = YES;
				DEVELOPMENT_TEAM = 4WGDATJ3CA;
				FRAMEWORK_SEARCH_PATHS = (
					"$(inherited)",
					"$(PROJECT_DIR)/Frameworks",
					"$(PROJECT_DIR)/MASSDK_Swift3",
				);
				INFOPLIST_FILE = "Alarm For Children/Info.plist";
				IPHONEOS_DEPLOYMENT_TARGET = 9.3;
				LD_RUNPATH_SEARCH_PATHS = "$(inherited) @executable_path/Frameworks";
				PRODUCT_BUNDLE_IDENTIFIER = "com.shark.Alarm-For-Children";
				PRODUCT_NAME = "$(TARGET_NAME)";
				SWIFT_OBJC_BRIDGING_HEADER = "Alarm For Children/Vender/Alarm For Children-Bridging-Header.h";
				SWIFT_VERSION = 3.0;
			};
			name = Release;
		};
/* End XCBuildConfiguration section */

/* Begin XCConfigurationList section */
		3A21DB381E36EC2700AE46F7 /* Build configuration list for PBXProject "Alarm For Children" */ = {
			isa = XCConfigurationList;
			buildConfigurations = (
				3A21DB4D1E36EC2700AE46F7 /* Debug */,
				3A21DB4E1E36EC2700AE46F7 /* Release */,
			);
			defaultConfigurationIsVisible = 0;
			defaultConfigurationName = Release;
		};
		3A21DB4F1E36EC2700AE46F7 /* Build configuration list for PBXNativeTarget "Alarm For Children" */ = {
			isa = XCConfigurationList;
			buildConfigurations = (
				3A21DB501E36EC2700AE46F7 /* Debug */,
				3A21DB511E36EC2700AE46F7 /* Release */,
			);
			defaultConfigurationIsVisible = 0;
			defaultConfigurationName = Release;
		};
/* End XCConfigurationList section */
	};
	rootObject = 3A21DB351E36EC2700AE46F7 /* Project object */;
}
